// !$*UTF8*$!
{
	archiveVersion = 1;
	classes = {
	};
	objectVersion = 54;
	objects = {

/* Begin PBXBuildFile section */
		B422760F26131B7F0089C7C0 /* RefreshHeader.swift in Sources */ = {isa = PBXBuildFile; fileRef = B422760E26131B7F0089C7C0 /* RefreshHeader.swift */; };
		B42AD11226B3BCAD003E191D /* NestedXYInfoViewController.swift in Sources */ = {isa = PBXBuildFile; fileRef = B42AD11126B3BCAD003E191D /* NestedXYInfoViewController.swift */; };
		B43779782631519D00311802 /* TipView.swift in Sources */ = {isa = PBXBuildFile; fileRef = B43779772631519D00311802 /* TipView.swift */; };
		B437797B2631522000311802 /* CustomViewController.swift in Sources */ = {isa = PBXBuildFile; fileRef = B437797A2631522000311802 /* CustomViewController.swift */; };
		B43779932631988200311802 /* TYLinkTextStorage.m in Sources */ = {isa = PBXBuildFile; fileRef = B43779802631988200311802 /* TYLinkTextStorage.m */; };
		B43779942631988200311802 /* TYDrawStorage.m in Sources */ = {isa = PBXBuildFile; fileRef = B43779812631988200311802 /* TYDrawStorage.m */; };
		B43779952631988200311802 /* TYViewStorage.m in Sources */ = {isa = PBXBuildFile; fileRef = B43779822631988200311802 /* TYViewStorage.m */; };
		B43779962631988200311802 /* TYImageStorage.m in Sources */ = {isa = PBXBuildFile; fileRef = B43779832631988200311802 /* TYImageStorage.m */; };
		B43779972631988200311802 /* NSMutableAttributedString+TY.m in Sources */ = {isa = PBXBuildFile; fileRef = B43779852631988200311802 /* NSMutableAttributedString+TY.m */; };
		B43779982631988200311802 /* TYImageCache.m in Sources */ = {isa = PBXBuildFile; fileRef = B43779862631988200311802 /* TYImageCache.m */; };
		B43779992631988200311802 /* TYTextStorage.m in Sources */ = {isa = PBXBuildFile; fileRef = B43779872631988200311802 /* TYTextStorage.m */; };
		B437799A2631988200311802 /* TYAttributedLabel.m in Sources */ = {isa = PBXBuildFile; fileRef = B43779882631988200311802 /* TYAttributedLabel.m */; };
		B437799B2631988200311802 /* TYTextContainer+Extended.m in Sources */ = {isa = PBXBuildFile; fileRef = B437798F2631988200311802 /* TYTextContainer+Extended.m */; };
		B437799C2631988200311802 /* TYTextContainer.m in Sources */ = {isa = PBXBuildFile; fileRef = B43779922631988200311802 /* TYTextContainer.m */; };
		B44012A62632B5E900C51E78 /* ZLWechatActionSheet.swift in Sources */ = {isa = PBXBuildFile; fileRef = B44012A52632B5E900C51E78 /* ZLWechatActionSheet.swift */; };
		B44578D0264A5A2900A4EFC8 /* ShowAlertVC.swift in Sources */ = {isa = PBXBuildFile; fileRef = B44578CF264A5A2900A4EFC8 /* ShowAlertVC.swift */; };
		B44578D3264A5F0E00A4EFC8 /* ZLJobCoordinationAlertController.swift in Sources */ = {isa = PBXBuildFile; fileRef = B44578D2264A5F0E00A4EFC8 /* ZLJobCoordinationAlertController.swift */; };
		B44AB1FF262584B0006CB306 /* AnimationViewController.swift in Sources */ = {isa = PBXBuildFile; fileRef = B44AB1FE262584B0006CB306 /* AnimationViewController.swift */; };
		B4569D3D27170D880038E972 /* IMViewController.swift in Sources */ = {isa = PBXBuildFile; fileRef = B4569D3C27170D880038E972 /* IMViewController.swift */; };
		B45CE06826BA956200639E27 /* CapatureViewController.swift in Sources */ = {isa = PBXBuildFile; fileRef = B45CE06626BA956200639E27 /* CapatureViewController.swift */; };
		B45CE06926BA956200639E27 /* CapatureViewController.xib in Resources */ = {isa = PBXBuildFile; fileRef = B45CE06726BA956200639E27 /* CapatureViewController.xib */; };
		B45CE06D26BA957F00639E27 /* Capture.swift in Sources */ = {isa = PBXBuildFile; fileRef = B45CE06C26BA957F00639E27 /* Capture.swift */; };
		B460DB5D25F5F8C300AF3685 /* Image.xcassets in Resources */ = {isa = PBXBuildFile; fileRef = B460DB5C25F5F8C300AF3685 /* Image.xcassets */; };
		B46930992615D3C600512B2F /* File.swift in Sources */ = {isa = PBXBuildFile; fileRef = B46930982615D3C600512B2F /* File.swift */; };
		B471EF362657B950004FD238 /* XYCustomTimePickerViewController.swift in Sources */ = {isa = PBXBuildFile; fileRef = B471EF352657B950004FD238 /* XYCustomTimePickerViewController.swift */; };
		B472C56125821D58005898C5 /* AppDelegate.swift in Sources */ = {isa = PBXBuildFile; fileRef = B472C56025821D58005898C5 /* AppDelegate.swift */; };
		B472C56325821D58005898C5 /* SceneDelegate.swift in Sources */ = {isa = PBXBuildFile; fileRef = B472C56225821D58005898C5 /* SceneDelegate.swift */; };
		B472C56525821D58005898C5 /* ViewController.swift in Sources */ = {isa = PBXBuildFile; fileRef = B472C56425821D58005898C5 /* ViewController.swift */; };
		B472C56825821D58005898C5 /* Main.storyboard in Resources */ = {isa = PBXBuildFile; fileRef = B472C56625821D58005898C5 /* Main.storyboard */; };
		B472C56A25821D5A005898C5 /* Assets.xcassets in Resources */ = {isa = PBXBuildFile; fileRef = B472C56925821D5A005898C5 /* Assets.xcassets */; };
		B472C56D25821D5A005898C5 /* LaunchScreen.storyboard in Resources */ = {isa = PBXBuildFile; fileRef = B472C56B25821D5A005898C5 /* LaunchScreen.storyboard */; };
		B472C57825821DB1005898C5 /* ZLPushNotificationTipView.swift in Sources */ = {isa = PBXBuildFile; fileRef = B472C57725821DB1005898C5 /* ZLPushNotificationTipView.swift */; };
		B472C5CA25825C7F005898C5 /* TableViewController.swift in Sources */ = {isa = PBXBuildFile; fileRef = B472C5C925825C7F005898C5 /* TableViewController.swift */; };
		B472C5D2258316D0005898C5 /* ZLNewGreetingView.swift in Sources */ = {isa = PBXBuildFile; fileRef = B472C5D1258316D0005898C5 /* ZLNewGreetingView.swift */; };
		B47EF034260630C200DE7EC3 /* Public.swift in Sources */ = {isa = PBXBuildFile; fileRef = B47EF033260630C200DE7EC3 /* Public.swift */; };
		B49234032665F64A00F3FBED /* TimeViewController.swift in Sources */ = {isa = PBXBuildFile; fileRef = B49234022665F64A00F3FBED /* TimeViewController.swift */; };
		B4AB9AD5262053A1006B034B /* MailViewController.swift in Sources */ = {isa = PBXBuildFile; fileRef = B4AB9AD4262053A1006B034B /* MailViewController.swift */; };
		B4B0DC4529AB853F003C1971 /* Demo_Combine.swift in Sources */ = {isa = PBXBuildFile; fileRef = B4B0DC4429AB853F003C1971 /* Demo_Combine.swift */; };
		B4C374E328616C8E00266440 /* XYCards.swift in Sources */ = {isa = PBXBuildFile; fileRef = B4C374E228616C8E00266440 /* XYCards.swift */; };
		B4C88D3E2718090E007921EB /* EmotionViewCell.swift in Sources */ = {isa = PBXBuildFile; fileRef = B4C88D342718090E007921EB /* EmotionViewCell.swift */; };
		B4C88D3F2718090E007921EB /* Emoticons.bundle in Resources */ = {isa = PBXBuildFile; fileRef = B4C88D352718090E007921EB /* Emoticons.bundle */; };
		B4C88D402718090E007921EB /* FindEmotion.swift in Sources */ = {isa = PBXBuildFile; fileRef = B4C88D362718090E007921EB /* FindEmotion.swift */; };
		B4C88D412718090E007921EB /* EmotionManager.swift in Sources */ = {isa = PBXBuildFile; fileRef = B4C88D382718090E007921EB /* EmotionManager.swift */; };
		B4C88D422718090E007921EB /* EmotionPackage.swift in Sources */ = {isa = PBXBuildFile; fileRef = B4C88D392718090E007921EB /* EmotionPackage.swift */; };
		B4C88D432718090E007921EB /* Emotion.swift in Sources */ = {isa = PBXBuildFile; fileRef = B4C88D3A2718090E007921EB /* Emotion.swift */; };
		B4C88D442718090E007921EB /* UITextView+Extension.swift in Sources */ = {isa = PBXBuildFile; fileRef = B4C88D3B2718090E007921EB /* UITextView+Extension.swift */; };
		B4C88D452718090E007921EB /* EmotionAttchment.swift in Sources */ = {isa = PBXBuildFile; fileRef = B4C88D3C2718090E007921EB /* EmotionAttchment.swift */; };
		B4C88D462718090E007921EB /* EmotionController.swift in Sources */ = {isa = PBXBuildFile; fileRef = B4C88D3D2718090E007921EB /* EmotionController.swift */; };
		B4D2DFA62611EDE400C2B6F9 /* XYViewController.swift in Sources */ = {isa = PBXBuildFile; fileRef = B4D2DFA52611EDE400C2B6F9 /* XYViewController.swift */; };
		B4D811C52741A32D00E02582 /* SVRadialGradientLayer.m in Sources */ = {isa = PBXBuildFile; fileRef = B4D811BC2741A32D00E02582 /* SVRadialGradientLayer.m */; };
		B4D811C62741A32D00E02582 /* SVProgressAnimatedView.m in Sources */ = {isa = PBXBuildFile; fileRef = B4D811BF2741A32D00E02582 /* SVProgressAnimatedView.m */; };
		B4D811C72741A32D00E02582 /* SVProgressHUD.m in Sources */ = {isa = PBXBuildFile; fileRef = B4D811C12741A32D00E02582 /* SVProgressHUD.m */; };
		B4D811C82741A32D00E02582 /* SVIndefiniteAnimatedView.m in Sources */ = {isa = PBXBuildFile; fileRef = B4D811C22741A32D00E02582 /* SVIndefiniteAnimatedView.m */; };
		B4D811C92741A32D00E02582 /* SVProgressHUD.bundle in Resources */ = {isa = PBXBuildFile; fileRef = B4D811C32741A32D00E02582 /* SVProgressHUD.bundle */; };
		B4D9B11225998CD9006FB07D /* GradientView.swift in Sources */ = {isa = PBXBuildFile; fileRef = B4D9B11125998CD9006FB07D /* GradientView.swift */; };
		B4DD65F9275A73A300151635 /* ListViewController.swift in Sources */ = {isa = PBXBuildFile; fileRef = B4DD65F8275A73A300151635 /* ListViewController.swift */; };
		FA07289596E3FD94A2DB1D22 /* Pods_XYUIKitDemo.framework in Frameworks */ = {isa = PBXBuildFile; fileRef = 906EC8A73E389964B2690AA9 /* Pods_XYUIKitDemo.framework */; };
/* End PBXBuildFile section */

/* Begin PBXFileReference section */
		906EC8A73E389964B2690AA9 /* Pods_XYUIKitDemo.framework */ = {isa = PBXFileReference; explicitFileType = wrapper.framework; includeInIndex = 0; path = Pods_XYUIKitDemo.framework; sourceTree = BUILT_PRODUCTS_DIR; };
		A17D102AFFCC397191391CC8 /* Pods-XYUIKitDemo.release.xcconfig */ = {isa = PBXFileReference; includeInIndex = 1; lastKnownFileType = text.xcconfig; name = "Pods-XYUIKitDemo.release.xcconfig"; path = "Target Support Files/Pods-XYUIKitDemo/Pods-XYUIKitDemo.release.xcconfig"; sourceTree = "<group>"; };
		ABB93778FA5EFABD095FFE8E /* Pods-XYUIKitDemo.debug.xcconfig */ = {isa = PBXFileReference; includeInIndex = 1; lastKnownFileType = text.xcconfig; name = "Pods-XYUIKitDemo.debug.xcconfig"; path = "Target Support Files/Pods-XYUIKitDemo/Pods-XYUIKitDemo.debug.xcconfig"; sourceTree = "<group>"; };
		B422760E26131B7F0089C7C0 /* RefreshHeader.swift */ = {isa = PBXFileReference; lastKnownFileType = sourcecode.swift; path = RefreshHeader.swift; sourceTree = "<group>"; };
		B42AD11126B3BCAD003E191D /* NestedXYInfoViewController.swift */ = {isa = PBXFileReference; lastKnownFileType = sourcecode.swift; path = NestedXYInfoViewController.swift; sourceTree = "<group>"; };
		B43779772631519D00311802 /* TipView.swift */ = {isa = PBXFileReference; lastKnownFileType = sourcecode.swift; path = TipView.swift; sourceTree = "<group>"; };
		B437797A2631522000311802 /* CustomViewController.swift */ = {isa = PBXFileReference; lastKnownFileType = sourcecode.swift; path = CustomViewController.swift; sourceTree = "<group>"; };
		B437797F2631988200311802 /* TYAttributedLabel.h */ = {isa = PBXFileReference; fileEncoding = 4; lastKnownFileType = sourcecode.c.h; path = TYAttributedLabel.h; sourceTree = "<group>"; };
		B43779802631988200311802 /* TYLinkTextStorage.m */ = {isa = PBXFileReference; fileEncoding = 4; lastKnownFileType = sourcecode.c.objc; path = TYLinkTextStorage.m; sourceTree = "<group>"; };
		B43779812631988200311802 /* TYDrawStorage.m */ = {isa = PBXFileReference; fileEncoding = 4; lastKnownFileType = sourcecode.c.objc; path = TYDrawStorage.m; sourceTree = "<group>"; };
		B43779822631988200311802 /* TYViewStorage.m */ = {isa = PBXFileReference; fileEncoding = 4; lastKnownFileType = sourcecode.c.objc; path = TYViewStorage.m; sourceTree = "<group>"; };
		B43779832631988200311802 /* TYImageStorage.m */ = {isa = PBXFileReference; fileEncoding = 4; lastKnownFileType = sourcecode.c.objc; path = TYImageStorage.m; sourceTree = "<group>"; };
		B43779842631988200311802 /* TYTextContainer.h */ = {isa = PBXFileReference; fileEncoding = 4; lastKnownFileType = sourcecode.c.h; path = TYTextContainer.h; sourceTree = "<group>"; };
		B43779852631988200311802 /* NSMutableAttributedString+TY.m */ = {isa = PBXFileReference; fileEncoding = 4; lastKnownFileType = sourcecode.c.objc; path = "NSMutableAttributedString+TY.m"; sourceTree = "<group>"; };
		B43779862631988200311802 /* TYImageCache.m */ = {isa = PBXFileReference; fileEncoding = 4; lastKnownFileType = sourcecode.c.objc; path = TYImageCache.m; sourceTree = "<group>"; };
		B43779872631988200311802 /* TYTextStorage.m */ = {isa = PBXFileReference; fileEncoding = 4; lastKnownFileType = sourcecode.c.objc; path = TYTextStorage.m; sourceTree = "<group>"; };
		B43779882631988200311802 /* TYAttributedLabel.m */ = {isa = PBXFileReference; fileEncoding = 4; lastKnownFileType = sourcecode.c.objc; path = TYAttributedLabel.m; sourceTree = "<group>"; };
		B43779892631988200311802 /* TYLinkTextStorage.h */ = {isa = PBXFileReference; fileEncoding = 4; lastKnownFileType = sourcecode.c.h; path = TYLinkTextStorage.h; sourceTree = "<group>"; };
		B437798A2631988200311802 /* TYTextStorageProtocol.h */ = {isa = PBXFileReference; fileEncoding = 4; lastKnownFileType = sourcecode.c.h; path = TYTextStorageProtocol.h; sourceTree = "<group>"; };
		B437798B2631988200311802 /* TYViewStorage.h */ = {isa = PBXFileReference; fileEncoding = 4; lastKnownFileType = sourcecode.c.h; path = TYViewStorage.h; sourceTree = "<group>"; };
		B437798C2631988200311802 /* TYImageStorage.h */ = {isa = PBXFileReference; fileEncoding = 4; lastKnownFileType = sourcecode.c.h; path = TYImageStorage.h; sourceTree = "<group>"; };
		B437798D2631988200311802 /* TYDrawStorage.h */ = {isa = PBXFileReference; fileEncoding = 4; lastKnownFileType = sourcecode.c.h; path = TYDrawStorage.h; sourceTree = "<group>"; };
		B437798E2631988200311802 /* TYTextStorage.h */ = {isa = PBXFileReference; fileEncoding = 4; lastKnownFileType = sourcecode.c.h; path = TYTextStorage.h; sourceTree = "<group>"; };
		B437798F2631988200311802 /* TYTextContainer+Extended.m */ = {isa = PBXFileReference; fileEncoding = 4; lastKnownFileType = sourcecode.c.objc; path = "TYTextContainer+Extended.m"; sourceTree = "<group>"; };
		B43779902631988200311802 /* TYImageCache.h */ = {isa = PBXFileReference; fileEncoding = 4; lastKnownFileType = sourcecode.c.h; path = TYImageCache.h; sourceTree = "<group>"; };
		B43779912631988200311802 /* NSMutableAttributedString+TY.h */ = {isa = PBXFileReference; fileEncoding = 4; lastKnownFileType = sourcecode.c.h; path = "NSMutableAttributedString+TY.h"; sourceTree = "<group>"; };
		B43779922631988200311802 /* TYTextContainer.m */ = {isa = PBXFileReference; fileEncoding = 4; lastKnownFileType = sourcecode.c.objc; path = TYTextContainer.m; sourceTree = "<group>"; };
		B437799E263198F200311802 /* XYUIKit-Bridging-Header.h */ = {isa = PBXFileReference; lastKnownFileType = sourcecode.c.h; path = "XYUIKit-Bridging-Header.h"; sourceTree = "<group>"; };
		B44012A52632B5E900C51E78 /* ZLWechatActionSheet.swift */ = {isa = PBXFileReference; lastKnownFileType = sourcecode.swift; path = ZLWechatActionSheet.swift; sourceTree = "<group>"; };
		B44578CF264A5A2900A4EFC8 /* ShowAlertVC.swift */ = {isa = PBXFileReference; lastKnownFileType = sourcecode.swift; path = ShowAlertVC.swift; sourceTree = "<group>"; };
		B44578D2264A5F0E00A4EFC8 /* ZLJobCoordinationAlertController.swift */ = {isa = PBXFileReference; lastKnownFileType = sourcecode.swift; path = ZLJobCoordinationAlertController.swift; sourceTree = "<group>"; };
		B44AB1FE262584B0006CB306 /* AnimationViewController.swift */ = {isa = PBXFileReference; lastKnownFileType = sourcecode.swift; path = AnimationViewController.swift; sourceTree = "<group>"; };
		B4569D3C27170D880038E972 /* IMViewController.swift */ = {isa = PBXFileReference; lastKnownFileType = sourcecode.swift; path = IMViewController.swift; sourceTree = "<group>"; };
		B45CE06626BA956200639E27 /* CapatureViewController.swift */ = {isa = PBXFileReference; lastKnownFileType = sourcecode.swift; path = CapatureViewController.swift; sourceTree = "<group>"; };
		B45CE06726BA956200639E27 /* CapatureViewController.xib */ = {isa = PBXFileReference; lastKnownFileType = file.xib; path = CapatureViewController.xib; sourceTree = "<group>"; };
		B45CE06C26BA957F00639E27 /* Capture.swift */ = {isa = PBXFileReference; lastKnownFileType = sourcecode.swift; path = Capture.swift; sourceTree = "<group>"; };
		B460DB5C25F5F8C300AF3685 /* Image.xcassets */ = {isa = PBXFileReference; lastKnownFileType = folder.assetcatalog; path = Image.xcassets; sourceTree = "<group>"; };
		B46930982615D3C600512B2F /* File.swift */ = {isa = PBXFileReference; lastKnownFileType = sourcecode.swift; path = File.swift; sourceTree = "<group>"; };
		B471EF352657B950004FD238 /* XYCustomTimePickerViewController.swift */ = {isa = PBXFileReference; lastKnownFileType = sourcecode.swift; path = XYCustomTimePickerViewController.swift; sourceTree = "<group>"; };
		B472C55D25821D58005898C5 /* XYUIKitDemo.app */ = {isa = PBXFileReference; explicitFileType = wrapper.application; includeInIndex = 0; path = XYUIKitDemo.app; sourceTree = BUILT_PRODUCTS_DIR; };
		B472C56025821D58005898C5 /* AppDelegate.swift */ = {isa = PBXFileReference; lastKnownFileType = sourcecode.swift; path = AppDelegate.swift; sourceTree = "<group>"; };
		B472C56225821D58005898C5 /* SceneDelegate.swift */ = {isa = PBXFileReference; lastKnownFileType = sourcecode.swift; path = SceneDelegate.swift; sourceTree = "<group>"; };
		B472C56425821D58005898C5 /* ViewController.swift */ = {isa = PBXFileReference; lastKnownFileType = sourcecode.swift; path = ViewController.swift; sourceTree = "<group>"; };
		B472C56725821D58005898C5 /* Base */ = {isa = PBXFileReference; lastKnownFileType = file.storyboard; name = Base; path = Base.lproj/Main.storyboard; sourceTree = "<group>"; };
		B472C56925821D5A005898C5 /* Assets.xcassets */ = {isa = PBXFileReference; lastKnownFileType = folder.assetcatalog; path = Assets.xcassets; sourceTree = "<group>"; };
		B472C56C25821D5A005898C5 /* Base */ = {isa = PBXFileReference; lastKnownFileType = file.storyboard; name = Base; path = Base.lproj/LaunchScreen.storyboard; sourceTree = "<group>"; };
		B472C56E25821D5A005898C5 /* Info.plist */ = {isa = PBXFileReference; lastKnownFileType = text.plist.xml; path = Info.plist; sourceTree = "<group>"; };
		B472C57725821DB1005898C5 /* ZLPushNotificationTipView.swift */ = {isa = PBXFileReference; lastKnownFileType = sourcecode.swift; path = ZLPushNotificationTipView.swift; sourceTree = "<group>"; };
		B472C5C925825C7F005898C5 /* TableViewController.swift */ = {isa = PBXFileReference; lastKnownFileType = sourcecode.swift; path = TableViewController.swift; sourceTree = "<group>"; };
		B472C5D1258316D0005898C5 /* ZLNewGreetingView.swift */ = {isa = PBXFileReference; lastKnownFileType = sourcecode.swift; path = ZLNewGreetingView.swift; sourceTree = "<group>"; };
		B47EF033260630C200DE7EC3 /* Public.swift */ = {isa = PBXFileReference; lastKnownFileType = sourcecode.swift; path = Public.swift; sourceTree = "<group>"; };
		B49234022665F64A00F3FBED /* TimeViewController.swift */ = {isa = PBXFileReference; lastKnownFileType = sourcecode.swift; path = TimeViewController.swift; sourceTree = "<group>"; };
		B4AB9AD4262053A1006B034B /* MailViewController.swift */ = {isa = PBXFileReference; lastKnownFileType = sourcecode.swift; path = MailViewController.swift; sourceTree = "<group>"; };
		B4B0DC4429AB853F003C1971 /* Demo_Combine.swift */ = {isa = PBXFileReference; lastKnownFileType = sourcecode.swift; path = Demo_Combine.swift; sourceTree = "<group>"; };
		B4C374E228616C8E00266440 /* XYCards.swift */ = {isa = PBXFileReference; lastKnownFileType = sourcecode.swift; path = XYCards.swift; sourceTree = "<group>"; };
		B4C88D342718090E007921EB /* EmotionViewCell.swift */ = {isa = PBXFileReference; fileEncoding = 4; lastKnownFileType = sourcecode.swift; path = EmotionViewCell.swift; sourceTree = "<group>"; };
		B4C88D352718090E007921EB /* Emoticons.bundle */ = {isa = PBXFileReference; lastKnownFileType = "wrapper.plug-in"; path = Emoticons.bundle; sourceTree = "<group>"; };
		B4C88D362718090E007921EB /* FindEmotion.swift */ = {isa = PBXFileReference; fileEncoding = 4; lastKnownFileType = sourcecode.swift; path = FindEmotion.swift; sourceTree = "<group>"; };
		B4C88D382718090E007921EB /* EmotionManager.swift */ = {isa = PBXFileReference; fileEncoding = 4; lastKnownFileType = sourcecode.swift; path = EmotionManager.swift; sourceTree = "<group>"; };
		B4C88D392718090E007921EB /* EmotionPackage.swift */ = {isa = PBXFileReference; fileEncoding = 4; lastKnownFileType = sourcecode.swift; path = EmotionPackage.swift; sourceTree = "<group>"; };
		B4C88D3A2718090E007921EB /* Emotion.swift */ = {isa = PBXFileReference; fileEncoding = 4; lastKnownFileType = sourcecode.swift; path = Emotion.swift; sourceTree = "<group>"; };
		B4C88D3B2718090E007921EB /* UITextView+Extension.swift */ = {isa = PBXFileReference; fileEncoding = 4; lastKnownFileType = sourcecode.swift; path = "UITextView+Extension.swift"; sourceTree = "<group>"; };
		B4C88D3C2718090E007921EB /* EmotionAttchment.swift */ = {isa = PBXFileReference; fileEncoding = 4; lastKnownFileType = sourcecode.swift; path = EmotionAttchment.swift; sourceTree = "<group>"; };
		B4C88D3D2718090E007921EB /* EmotionController.swift */ = {isa = PBXFileReference; fileEncoding = 4; lastKnownFileType = sourcecode.swift; path = EmotionController.swift; sourceTree = "<group>"; };
		B4D2DFA52611EDE400C2B6F9 /* XYViewController.swift */ = {isa = PBXFileReference; lastKnownFileType = sourcecode.swift; path = XYViewController.swift; sourceTree = "<group>"; };
		B4D811BC2741A32D00E02582 /* SVRadialGradientLayer.m */ = {isa = PBXFileReference; fileEncoding = 4; lastKnownFileType = sourcecode.c.objc; path = SVRadialGradientLayer.m; sourceTree = "<group>"; };
		B4D811BD2741A32D00E02582 /* SVIndefiniteAnimatedView.h */ = {isa = PBXFileReference; fileEncoding = 4; lastKnownFileType = sourcecode.c.h; path = SVIndefiniteAnimatedView.h; sourceTree = "<group>"; };
		B4D811BE2741A32D00E02582 /* SVProgressHUD.h */ = {isa = PBXFileReference; fileEncoding = 4; lastKnownFileType = sourcecode.c.h; path = SVProgressHUD.h; sourceTree = "<group>"; };
		B4D811BF2741A32D00E02582 /* SVProgressAnimatedView.m */ = {isa = PBXFileReference; fileEncoding = 4; lastKnownFileType = sourcecode.c.objc; path = SVProgressAnimatedView.m; sourceTree = "<group>"; };
		B4D811C02741A32D00E02582 /* SVRadialGradientLayer.h */ = {isa = PBXFileReference; fileEncoding = 4; lastKnownFileType = sourcecode.c.h; path = SVRadialGradientLayer.h; sourceTree = "<group>"; };
		B4D811C12741A32D00E02582 /* SVProgressHUD.m */ = {isa = PBXFileReference; fileEncoding = 4; lastKnownFileType = sourcecode.c.objc; path = SVProgressHUD.m; sourceTree = "<group>"; };
		B4D811C22741A32D00E02582 /* SVIndefiniteAnimatedView.m */ = {isa = PBXFileReference; fileEncoding = 4; lastKnownFileType = sourcecode.c.objc; path = SVIndefiniteAnimatedView.m; sourceTree = "<group>"; };
		B4D811C32741A32D00E02582 /* SVProgressHUD.bundle */ = {isa = PBXFileReference; lastKnownFileType = "wrapper.plug-in"; path = SVProgressHUD.bundle; sourceTree = "<group>"; };
		B4D811C42741A32D00E02582 /* SVProgressAnimatedView.h */ = {isa = PBXFileReference; fileEncoding = 4; lastKnownFileType = sourcecode.c.h; path = SVProgressAnimatedView.h; sourceTree = "<group>"; };
		B4D9B11125998CD9006FB07D /* GradientView.swift */ = {isa = PBXFileReference; lastKnownFileType = sourcecode.swift; path = GradientView.swift; sourceTree = "<group>"; };
		B4DD65F8275A73A300151635 /* ListViewController.swift */ = {isa = PBXFileReference; lastKnownFileType = sourcecode.swift; path = ListViewController.swift; sourceTree = "<group>"; };
/* End PBXFileReference section */

/* Begin PBXFrameworksBuildPhase section */
		B472C55A25821D58005898C5 /* Frameworks */ = {
			isa = PBXFrameworksBuildPhase;
			buildActionMask = 2147483647;
			files = (
				FA07289596E3FD94A2DB1D22 /* Pods_XYUIKitDemo.framework in Frameworks */,
			);
			runOnlyForDeploymentPostprocessing = 0;
		};
/* End PBXFrameworksBuildPhase section */

/* Begin PBXGroup section */
		9E5479BF46CA27194D852E31 /* Frameworks */ = {
			isa = PBXGroup;
			children = (
				906EC8A73E389964B2690AA9 /* Pods_XYUIKitDemo.framework */,
			);
			name = Frameworks;
			sourceTree = "<group>";
		};
		B437797D2631986D00311802 /* 3td */ = {
			isa = PBXGroup;
			children = (
				B4D811BB2741A32D00E02582 /* SVProgressHUD */,
				B4C88D332718090E007921EB /* Emotion */,
				B437797E2631988200311802 /* TYAttributedLabel */,
			);
			path = 3td;
			sourceTree = "<group>";
		};
		B437797E2631988200311802 /* TYAttributedLabel */ = {
			isa = PBXGroup;
			children = (
				B437797F2631988200311802 /* TYAttributedLabel.h */,
				B43779802631988200311802 /* TYLinkTextStorage.m */,
				B43779812631988200311802 /* TYDrawStorage.m */,
				B43779822631988200311802 /* TYViewStorage.m */,
				B43779832631988200311802 /* TYImageStorage.m */,
				B43779842631988200311802 /* TYTextContainer.h */,
				B43779852631988200311802 /* NSMutableAttributedString+TY.m */,
				B43779862631988200311802 /* TYImageCache.m */,
				B43779872631988200311802 /* TYTextStorage.m */,
				B43779882631988200311802 /* TYAttributedLabel.m */,
				B43779892631988200311802 /* TYLinkTextStorage.h */,
				B437798A2631988200311802 /* TYTextStorageProtocol.h */,
				B437798B2631988200311802 /* TYViewStorage.h */,
				B437798C2631988200311802 /* TYImageStorage.h */,
				B437798D2631988200311802 /* TYDrawStorage.h */,
				B437798E2631988200311802 /* TYTextStorage.h */,
				B437798F2631988200311802 /* TYTextContainer+Extended.m */,
				B43779902631988200311802 /* TYImageCache.h */,
				B43779912631988200311802 /* NSMutableAttributedString+TY.h */,
				B43779922631988200311802 /* TYTextContainer.m */,
			);
			path = TYAttributedLabel;
			sourceTree = "<group>";
		};
		B45CE06526BA921800639E27 /* Scan */ = {
			isa = PBXGroup;
			children = (
				B45CE06626BA956200639E27 /* CapatureViewController.swift */,
				B45CE06726BA956200639E27 /* CapatureViewController.xib */,
				B45CE06C26BA957F00639E27 /* Capture.swift */,
			);
			path = Scan;
			sourceTree = "<group>";
		};
		B46930962615CFD900512B2F /* controllers */ = {
			isa = PBXGroup;
			children = (
				B472C56425821D58005898C5 /* ViewController.swift */,
				B472C5C925825C7F005898C5 /* TableViewController.swift */,
				B46930982615D3C600512B2F /* File.swift */,
				B4AB9AD4262053A1006B034B /* MailViewController.swift */,
				B44AB1FE262584B0006CB306 /* AnimationViewController.swift */,
				B437797A2631522000311802 /* CustomViewController.swift */,
				B44012A52632B5E900C51E78 /* ZLWechatActionSheet.swift */,
				B44578CF264A5A2900A4EFC8 /* ShowAlertVC.swift */,
				B44578D2264A5F0E00A4EFC8 /* ZLJobCoordinationAlertController.swift */,
				B49234022665F64A00F3FBED /* TimeViewController.swift */,
				B42AD11126B3BCAD003E191D /* NestedXYInfoViewController.swift */,
				B4569D3C27170D880038E972 /* IMViewController.swift */,
				B4DD65F8275A73A300151635 /* ListViewController.swift */,
				B4B0DC4429AB853F003C1971 /* Demo_Combine.swift */,
			);
			path = controllers;
			sourceTree = "<group>";
		};
		B472C55425821D58005898C5 = {
			isa = PBXGroup;
			children = (
				B472C55F25821D58005898C5 /* XYUIKit */,
				B472C55E25821D58005898C5 /* Products */,
				E34856FF10D7B3382E24C8F3 /* Pods */,
				9E5479BF46CA27194D852E31 /* Frameworks */,
			);
			sourceTree = "<group>";
			usesTabs = 0;
		};
		B472C55E25821D58005898C5 /* Products */ = {
			isa = PBXGroup;
			children = (
				B472C55D25821D58005898C5 /* XYUIKitDemo.app */,
			);
			name = Products;
			sourceTree = "<group>";
		};
		B472C55F25821D58005898C5 /* XYUIKit */ = {
			isa = PBXGroup;
			children = (
				B45CE06526BA921800639E27 /* Scan */,
				B437797D2631986D00311802 /* 3td */,
				B46930962615CFD900512B2F /* controllers */,
				B472C57625821DA0005898C5 /* views */,
				B472C56025821D58005898C5 /* AppDelegate.swift */,
				B472C56225821D58005898C5 /* SceneDelegate.swift */,
				B4D2DFA52611EDE400C2B6F9 /* XYViewController.swift */,
				B472C56625821D58005898C5 /* Main.storyboard */,
				B472C56925821D5A005898C5 /* Assets.xcassets */,
				B460DB5C25F5F8C300AF3685 /* Image.xcassets */,
				B472C56B25821D5A005898C5 /* LaunchScreen.storyboard */,
				B472C56E25821D5A005898C5 /* Info.plist */,
				B47EF033260630C200DE7EC3 /* Public.swift */,
				B437799E263198F200311802 /* XYUIKit-Bridging-Header.h */,
			);
			path = XYUIKit;
			sourceTree = "<group>";
		};
		B472C57625821DA0005898C5 /* views */ = {
			isa = PBXGroup;
			children = (
				B472C57725821DB1005898C5 /* ZLPushNotificationTipView.swift */,
				B472C5D1258316D0005898C5 /* ZLNewGreetingView.swift */,
				B4D9B11125998CD9006FB07D /* GradientView.swift */,
				B422760E26131B7F0089C7C0 /* RefreshHeader.swift */,
				B43779772631519D00311802 /* TipView.swift */,
				B471EF352657B950004FD238 /* XYCustomTimePickerViewController.swift */,
				B4C374E228616C8E00266440 /* XYCards.swift */,
			);
			path = views;
			sourceTree = "<group>";
		};
		B4C88D332718090E007921EB /* Emotion */ = {
			isa = PBXGroup;
			children = (
				B4C88D342718090E007921EB /* EmotionViewCell.swift */,
				B4C88D352718090E007921EB /* Emoticons.bundle */,
				B4C88D362718090E007921EB /* FindEmotion.swift */,
				B4C88D372718090E007921EB /* Model */,
				B4C88D3B2718090E007921EB /* UITextView+Extension.swift */,
				B4C88D3C2718090E007921EB /* EmotionAttchment.swift */,
				B4C88D3D2718090E007921EB /* EmotionController.swift */,
			);
			path = Emotion;
			sourceTree = "<group>";
		};
		B4C88D372718090E007921EB /* Model */ = {
			isa = PBXGroup;
			children = (
				B4C88D382718090E007921EB /* EmotionManager.swift */,
				B4C88D392718090E007921EB /* EmotionPackage.swift */,
				B4C88D3A2718090E007921EB /* Emotion.swift */,
			);
			path = Model;
			sourceTree = "<group>";
		};
		B4D811BB2741A32D00E02582 /* SVProgressHUD */ = {
			isa = PBXGroup;
			children = (
				B4D811BC2741A32D00E02582 /* SVRadialGradientLayer.m */,
				B4D811BD2741A32D00E02582 /* SVIndefiniteAnimatedView.h */,
				B4D811BE2741A32D00E02582 /* SVProgressHUD.h */,
				B4D811BF2741A32D00E02582 /* SVProgressAnimatedView.m */,
				B4D811C02741A32D00E02582 /* SVRadialGradientLayer.h */,
				B4D811C12741A32D00E02582 /* SVProgressHUD.m */,
				B4D811C22741A32D00E02582 /* SVIndefiniteAnimatedView.m */,
				B4D811C32741A32D00E02582 /* SVProgressHUD.bundle */,
				B4D811C42741A32D00E02582 /* SVProgressAnimatedView.h */,
			);
			path = SVProgressHUD;
			sourceTree = "<group>";
		};
		E34856FF10D7B3382E24C8F3 /* Pods */ = {
			isa = PBXGroup;
			children = (
				ABB93778FA5EFABD095FFE8E /* Pods-XYUIKitDemo.debug.xcconfig */,
				A17D102AFFCC397191391CC8 /* Pods-XYUIKitDemo.release.xcconfig */,
			);
			path = Pods;
			sourceTree = "<group>";
		};
/* End PBXGroup section */

/* Begin PBXNativeTarget section */
		B472C55C25821D58005898C5 /* XYUIKitDemo */ = {
			isa = PBXNativeTarget;
			buildConfigurationList = B472C57125821D5A005898C5 /* Build configuration list for PBXNativeTarget "XYUIKitDemo" */;
			buildPhases = (
				960BDD81AD0D6BC8E4AF55BD /* [CP] Check Pods Manifest.lock */,
				B472C55925821D58005898C5 /* Sources */,
				B472C55A25821D58005898C5 /* Frameworks */,
				B472C55B25821D58005898C5 /* Resources */,
				8F284201B3E48562C13A4C34 /* [CP] Embed Pods Frameworks */,
			);
			buildRules = (
			);
			dependencies = (
			);
			name = XYUIKitDemo;
			productName = SwiftLearn;
			productReference = B472C55D25821D58005898C5 /* XYUIKitDemo.app */;
			productType = "com.apple.product-type.application";
		};
/* End PBXNativeTarget section */

/* Begin PBXProject section */
		B472C55525821D58005898C5 /* Project object */ = {
			isa = PBXProject;
			attributes = {
				CLASSPREFIX = XY;
				LastSwiftUpdateCheck = 1220;
				LastUpgradeCheck = 1320;
				ORGANIZATIONNAME = XYUIKit;
				TargetAttributes = {
					B472C55C25821D58005898C5 = {
						CreatedOnToolsVersion = 12.2;
					};
				};
			};
			buildConfigurationList = B472C55825821D58005898C5 /* Build configuration list for PBXProject "XYUIKitDemo" */;
			compatibilityVersion = "Xcode 9.3";
			developmentRegion = en;
			hasScannedForEncodings = 0;
			knownRegions = (
				en,
				Base,
			);
			mainGroup = B472C55425821D58005898C5;
			productRefGroup = B472C55E25821D58005898C5 /* Products */;
			projectDirPath = "";
			projectRoot = "";
			targets = (
				B472C55C25821D58005898C5 /* XYUIKitDemo */,
			);
		};
/* End PBXProject section */

/* Begin PBXResourcesBuildPhase section */
		B472C55B25821D58005898C5 /* Resources */ = {
			isa = PBXResourcesBuildPhase;
			buildActionMask = 2147483647;
			files = (
				B4D811C92741A32D00E02582 /* SVProgressHUD.bundle in Resources */,
				B472C56D25821D5A005898C5 /* LaunchScreen.storyboard in Resources */,
				B4C88D3F2718090E007921EB /* Emoticons.bundle in Resources */,
				B45CE06926BA956200639E27 /* CapatureViewController.xib in Resources */,
				B460DB5D25F5F8C300AF3685 /* Image.xcassets in Resources */,
				B472C56A25821D5A005898C5 /* Assets.xcassets in Resources */,
				B472C56825821D58005898C5 /* Main.storyboard in Resources */,
			);
			runOnlyForDeploymentPostprocessing = 0;
		};
/* End PBXResourcesBuildPhase section */

/* Begin PBXShellScriptBuildPhase section */
		8F284201B3E48562C13A4C34 /* [CP] Embed Pods Frameworks */ = {
			isa = PBXShellScriptBuildPhase;
			buildActionMask = 2147483647;
			files = (
			);
			inputFileListPaths = (
				"${PODS_ROOT}/Target Support Files/Pods-XYUIKitDemo/Pods-XYUIKitDemo-frameworks-${CONFIGURATION}-input-files.xcfilelist",
			);
			name = "[CP] Embed Pods Frameworks";
			outputFileListPaths = (
				"${PODS_ROOT}/Target Support Files/Pods-XYUIKitDemo/Pods-XYUIKitDemo-frameworks-${CONFIGURATION}-output-files.xcfilelist",
			);
			runOnlyForDeploymentPostprocessing = 0;
			shellPath = /bin/sh;
			shellScript = "\"${PODS_ROOT}/Target Support Files/Pods-XYUIKitDemo/Pods-XYUIKitDemo-frameworks.sh\"\n";
			showEnvVarsInLog = 0;
		};
		960BDD81AD0D6BC8E4AF55BD /* [CP] Check Pods Manifest.lock */ = {
			isa = PBXShellScriptBuildPhase;
			buildActionMask = 2147483647;
			files = (
			);
			inputFileListPaths = (
			);
			inputPaths = (
				"${PODS_PODFILE_DIR_PATH}/Podfile.lock",
				"${PODS_ROOT}/Manifest.lock",
			);
			name = "[CP] Check Pods Manifest.lock";
			outputFileListPaths = (
			);
			outputPaths = (
				"$(DERIVED_FILE_DIR)/Pods-XYUIKitDemo-checkManifestLockResult.txt",
			);
			runOnlyForDeploymentPostprocessing = 0;
			shellPath = /bin/sh;
			shellScript = "diff \"${PODS_PODFILE_DIR_PATH}/Podfile.lock\" \"${PODS_ROOT}/Manifest.lock\" > /dev/null\nif [ $? != 0 ] ; then\n    # print error to STDERR\n    echo \"error: The sandbox is not in sync with the Podfile.lock. Run 'pod install' or update your CocoaPods installation.\" >&2\n    exit 1\nfi\n# This output is used by Xcode 'outputs' to avoid re-running this script phase.\necho \"SUCCESS\" > \"${SCRIPT_OUTPUT_FILE_0}\"\n";
			showEnvVarsInLog = 0;
		};
/* End PBXShellScriptBuildPhase section */

/* Begin PBXSourcesBuildPhase section */
		B472C55925821D58005898C5 /* Sources */ = {
			isa = PBXSourcesBuildPhase;
			buildActionMask = 2147483647;
			files = (
				B4DD65F9275A73A300151635 /* ListViewController.swift in Sources */,
				B4C88D452718090E007921EB /* EmotionAttchment.swift in Sources */,
				B4C88D442718090E007921EB /* UITextView+Extension.swift in Sources */,
				B437799A2631988200311802 /* TYAttributedLabel.m in Sources */,
				B471EF362657B950004FD238 /* XYCustomTimePickerViewController.swift in Sources */,
				B437799C2631988200311802 /* TYTextContainer.m in Sources */,
				B4D811C72741A32D00E02582 /* SVProgressHUD.m in Sources */,
				B43779782631519D00311802 /* TipView.swift in Sources */,
				B472C5CA25825C7F005898C5 /* TableViewController.swift in Sources */,
				B472C56525821D58005898C5 /* ViewController.swift in Sources */,
				B43779932631988200311802 /* TYLinkTextStorage.m in Sources */,
				B43779942631988200311802 /* TYDrawStorage.m in Sources */,
				B472C56125821D58005898C5 /* AppDelegate.swift in Sources */,
				B44578D3264A5F0E00A4EFC8 /* ZLJobCoordinationAlertController.swift in Sources */,
				B472C56325821D58005898C5 /* SceneDelegate.swift in Sources */,
				B43779992631988200311802 /* TYTextStorage.m in Sources */,
				B44578D0264A5A2900A4EFC8 /* ShowAlertVC.swift in Sources */,
				B4D811C82741A32D00E02582 /* SVIndefiniteAnimatedView.m in Sources */,
				B4D2DFA62611EDE400C2B6F9 /* XYViewController.swift in Sources */,
				B4AB9AD5262053A1006B034B /* MailViewController.swift in Sources */,
				B472C57825821DB1005898C5 /* ZLPushNotificationTipView.swift in Sources */,
				B43779962631988200311802 /* TYImageStorage.m in Sources */,
				B4C374E328616C8E00266440 /* XYCards.swift in Sources */,
				B47EF034260630C200DE7EC3 /* Public.swift in Sources */,
				B43779952631988200311802 /* TYViewStorage.m in Sources */,
				B472C5D2258316D0005898C5 /* ZLNewGreetingView.swift in Sources */,
				B45CE06826BA956200639E27 /* CapatureViewController.swift in Sources */,
				B49234032665F64A00F3FBED /* TimeViewController.swift in Sources */,
				B45CE06D26BA957F00639E27 /* Capture.swift in Sources */,
				B4C88D3E2718090E007921EB /* EmotionViewCell.swift in Sources */,
				B4C88D402718090E007921EB /* FindEmotion.swift in Sources */,
				B4B0DC4529AB853F003C1971 /* Demo_Combine.swift in Sources */,
				B4569D3D27170D880038E972 /* IMViewController.swift in Sources */,
				B4D811C52741A32D00E02582 /* SVRadialGradientLayer.m in Sources */,
				B422760F26131B7F0089C7C0 /* RefreshHeader.swift in Sources */,
				B4C88D422718090E007921EB /* EmotionPackage.swift in Sources */,
				B4C88D432718090E007921EB /* Emotion.swift in Sources */,
				B42AD11226B3BCAD003E191D /* NestedXYInfoViewController.swift in Sources */,
				B43779972631988200311802 /* NSMutableAttributedString+TY.m in Sources */,
				B43779982631988200311802 /* TYImageCache.m in Sources */,
				B4D811C62741A32D00E02582 /* SVProgressAnimatedView.m in Sources */,
				B44AB1FF262584B0006CB306 /* AnimationViewController.swift in Sources */,
				B4C88D462718090E007921EB /* EmotionController.swift in Sources */,
				B437797B2631522000311802 /* CustomViewController.swift in Sources */,
				B4C88D412718090E007921EB /* EmotionManager.swift in Sources */,
				B46930992615D3C600512B2F /* File.swift in Sources */,
				B44012A62632B5E900C51E78 /* ZLWechatActionSheet.swift in Sources */,
				B437799B2631988200311802 /* TYTextContainer+Extended.m in Sources */,
				B4D9B11225998CD9006FB07D /* GradientView.swift in Sources */,
			);
			runOnlyForDeploymentPostprocessing = 0;
		};
/* End PBXSourcesBuildPhase section */

/* Begin PBXVariantGroup section */
		B472C56625821D58005898C5 /* Main.storyboard */ = {
			isa = PBXVariantGroup;
			children = (
				B472C56725821D58005898C5 /* Base */,
			);
			name = Main.storyboard;
			sourceTree = "<group>";
		};
		B472C56B25821D5A005898C5 /* LaunchScreen.storyboard */ = {
			isa = PBXVariantGroup;
			children = (
				B472C56C25821D5A005898C5 /* Base */,
			);
			name = LaunchScreen.storyboard;
			sourceTree = "<group>";
		};
/* End PBXVariantGroup section */

/* Begin XCBuildConfiguration section */
		B472C56F25821D5A005898C5 /* Debug */ = {
			isa = XCBuildConfiguration;
			buildSettings = {
				ALWAYS_SEARCH_USER_PATHS = NO;
				CLANG_ANALYZER_NONNULL = YES;
				CLANG_ANALYZER_NUMBER_OBJECT_CONVERSION = YES_AGGRESSIVE;
				CLANG_CXX_LANGUAGE_STANDARD = "gnu++14";
				CLANG_CXX_LIBRARY = "libc++";
				CLANG_ENABLE_MODULES = YES;
				CLANG_ENABLE_OBJC_ARC = YES;
				CLANG_ENABLE_OBJC_WEAK = YES;
				CLANG_WARN_BLOCK_CAPTURE_AUTORELEASING = YES;
				CLANG_WARN_BOOL_CONVERSION = YES;
				CLANG_WARN_COMMA = YES;
				CLANG_WARN_CONSTANT_CONVERSION = YES;
				CLANG_WARN_DEPRECATED_OBJC_IMPLEMENTATIONS = YES;
				CLANG_WARN_DIRECT_OBJC_ISA_USAGE = YES_ERROR;
				CLANG_WARN_DOCUMENTATION_COMMENTS = YES;
				CLANG_WARN_EMPTY_BODY = YES;
				CLANG_WARN_ENUM_CONVERSION = YES;
				CLANG_WARN_INFINITE_RECURSION = YES;
				CLANG_WARN_INT_CONVERSION = YES;
				CLANG_WARN_NON_LITERAL_NULL_CONVERSION = YES;
				CLANG_WARN_OBJC_IMPLICIT_RETAIN_SELF = YES;
				CLANG_WARN_OBJC_LITERAL_CONVERSION = YES;
				CLANG_WARN_OBJC_ROOT_CLASS = YES_ERROR;
				CLANG_WARN_QUOTED_INCLUDE_IN_FRAMEWORK_HEADER = YES;
				CLANG_WARN_RANGE_LOOP_ANALYSIS = YES;
				CLANG_WARN_STRICT_PROTOTYPES = YES;
				CLANG_WARN_SUSPICIOUS_MOVE = YES;
				CLANG_WARN_UNGUARDED_AVAILABILITY = YES_AGGRESSIVE;
				CLANG_WARN_UNREACHABLE_CODE = YES;
				CLANG_WARN__DUPLICATE_METHOD_MATCH = YES;
				COPY_PHASE_STRIP = NO;
				DEBUG_INFORMATION_FORMAT = dwarf;
				ENABLE_STRICT_OBJC_MSGSEND = YES;
				ENABLE_TESTABILITY = YES;
				GCC_C_LANGUAGE_STANDARD = gnu11;
				GCC_DYNAMIC_NO_PIC = NO;
				GCC_NO_COMMON_BLOCKS = YES;
				GCC_OPTIMIZATION_LEVEL = 0;
				GCC_PREPROCESSOR_DEFINITIONS = (
					"DEBUG=1",
					"$(inherited)",
				);
				GCC_WARN_64_TO_32_BIT_CONVERSION = YES;
				GCC_WARN_ABOUT_RETURN_TYPE = YES_ERROR;
				GCC_WARN_UNDECLARED_SELECTOR = YES;
				GCC_WARN_UNINITIALIZED_AUTOS = YES_AGGRESSIVE;
				GCC_WARN_UNUSED_FUNCTION = YES;
				GCC_WARN_UNUSED_VARIABLE = YES;
				IPHONEOS_DEPLOYMENT_TARGET = 14.2;
				MTL_ENABLE_DEBUG_INFO = INCLUDE_SOURCE;
				MTL_FAST_MATH = YES;
				ONLY_ACTIVE_ARCH = YES;
				SDKROOT = iphoneos;
				SWIFT_ACTIVE_COMPILATION_CONDITIONS = DEBUG;
				SWIFT_OPTIMIZATION_LEVEL = "-Onone";
			};
			name = Debug;
		};
		B472C57025821D5A005898C5 /* Release */ = {
			isa = XCBuildConfiguration;
			buildSettings = {
				ALWAYS_SEARCH_USER_PATHS = NO;
				CLANG_ANALYZER_NONNULL = YES;
				CLANG_ANALYZER_NUMBER_OBJECT_CONVERSION = YES_AGGRESSIVE;
				CLANG_CXX_LANGUAGE_STANDARD = "gnu++14";
				CLANG_CXX_LIBRARY = "libc++";
				CLANG_ENABLE_MODULES = YES;
				CLANG_ENABLE_OBJC_ARC = YES;
				CLANG_ENABLE_OBJC_WEAK = YES;
				CLANG_WARN_BLOCK_CAPTURE_AUTORELEASING = YES;
				CLANG_WARN_BOOL_CONVERSION = YES;
				CLANG_WARN_COMMA = YES;
				CLANG_WARN_CONSTANT_CONVERSION = YES;
				CLANG_WARN_DEPRECATED_OBJC_IMPLEMENTATIONS = YES;
				CLANG_WARN_DIRECT_OBJC_ISA_USAGE = YES_ERROR;
				CLANG_WARN_DOCUMENTATION_COMMENTS = YES;
				CLANG_WARN_EMPTY_BODY = YES;
				CLANG_WARN_ENUM_CONVERSION = YES;
				CLANG_WARN_INFINITE_RECURSION = YES;
				CLANG_WARN_INT_CONVERSION = YES;
				CLANG_WARN_NON_LITERAL_NULL_CONVERSION = YES;
				CLANG_WARN_OBJC_IMPLICIT_RETAIN_SELF = YES;
				CLANG_WARN_OBJC_LITERAL_CONVERSION = YES;
				CLANG_WARN_OBJC_ROOT_CLASS = YES_ERROR;
				CLANG_WARN_QUOTED_INCLUDE_IN_FRAMEWORK_HEADER = YES;
				CLANG_WARN_RANGE_LOOP_ANALYSIS = YES;
				CLANG_WARN_STRICT_PROTOTYPES = YES;
				CLANG_WARN_SUSPICIOUS_MOVE = YES;
				CLANG_WARN_UNGUARDED_AVAILABILITY = YES_AGGRESSIVE;
				CLANG_WARN_UNREACHABLE_CODE = YES;
				CLANG_WARN__DUPLICATE_METHOD_MATCH = YES;
				COPY_PHASE_STRIP = NO;
				DEBUG_INFORMATION_FORMAT = "dwarf-with-dsym";
				ENABLE_NS_ASSERTIONS = NO;
				ENABLE_STRICT_OBJC_MSGSEND = YES;
				GCC_C_LANGUAGE_STANDARD = gnu11;
				GCC_NO_COMMON_BLOCKS = YES;
				GCC_WARN_64_TO_32_BIT_CONVERSION = YES;
				GCC_WARN_ABOUT_RETURN_TYPE = YES_ERROR;
				GCC_WARN_UNDECLARED_SELECTOR = YES;
				GCC_WARN_UNINITIALIZED_AUTOS = YES_AGGRESSIVE;
				GCC_WARN_UNUSED_FUNCTION = YES;
				GCC_WARN_UNUSED_VARIABLE = YES;
				IPHONEOS_DEPLOYMENT_TARGET = 14.2;
				MTL_ENABLE_DEBUG_INFO = NO;
				MTL_FAST_MATH = YES;
				SDKROOT = iphoneos;
				SWIFT_COMPILATION_MODE = wholemodule;
				SWIFT_OPTIMIZATION_LEVEL = "-O";
				VALIDATE_PRODUCT = YES;
			};
			name = Release;
		};
		B472C57225821D5A005898C5 /* Debug */ = {
			isa = XCBuildConfiguration;
			baseConfigurationReference = ABB93778FA5EFABD095FFE8E /* Pods-XYUIKitDemo.debug.xcconfig */;
			buildSettings = {
				ASSETCATALOG_COMPILER_APPICON_NAME = AppIcon;
				ASSETCATALOG_COMPILER_GLOBAL_ACCENT_COLOR_NAME = AccentColor;
				CODE_SIGN_STYLE = Automatic;
				DEVELOPMENT_TEAM = J9CJUEB6H8;
				INFOPLIST_FILE = "$(SRCROOT)/XYUIKit/Info.plist";
				IPHONEOS_DEPLOYMENT_TARGET = 11.0;
				LD_RUNPATH_SEARCH_PATHS = (
					"$(inherited)",
					"@executable_path/Frameworks",
				);
				PRODUCT_BUNDLE_IDENTIFIER = com.xiaoyou.XYUIKit;
				PRODUCT_NAME = "$(TARGET_NAME)";
				SWIFT_OBJC_BRIDGING_HEADER = "XYUIKit/XYUIKit-Bridging-Header.h";
				SWIFT_VERSION = 5.0;
				TARGETED_DEVICE_FAMILY = "1,2";
			};
			name = Debug;
		};
		B472C57325821D5A005898C5 /* Release */ = {
			isa = XCBuildConfiguration;
			baseConfigurationReference = A17D102AFFCC397191391CC8 /* Pods-XYUIKitDemo.release.xcconfig */;
			buildSettings = {
				ASSETCATALOG_COMPILER_APPICON_NAME = AppIcon;
				ASSETCATALOG_COMPILER_GLOBAL_ACCENT_COLOR_NAME = AccentColor;
				CODE_SIGN_STYLE = Automatic;
				DEVELOPMENT_TEAM = J9CJUEB6H8;
				INFOPLIST_FILE = "$(SRCROOT)/XYUIKit/Info.plist";
				IPHONEOS_DEPLOYMENT_TARGET = 11.0;
				LD_RUNPATH_SEARCH_PATHS = (
					"$(inherited)",
					"@executable_path/Frameworks",
				);
				PRODUCT_BUNDLE_IDENTIFIER = com.xiaoyou.XYUIKit;
				PRODUCT_NAME = "$(TARGET_NAME)";
				SWIFT_OBJC_BRIDGING_HEADER = "XYUIKit/XYUIKit-Bridging-Header.h";
				SWIFT_VERSION = 5.0;
				TARGETED_DEVICE_FAMILY = "1,2";
			};
			name = Release;
		};
/* End XCBuildConfiguration section */

/* Begin XCConfigurationList section */
		B472C55825821D58005898C5 /* Build configuration list for PBXProject "XYUIKitDemo" */ = {
			isa = XCConfigurationList;
			buildConfigurations = (
				B472C56F25821D5A005898C5 /* Debug */,
				B472C57025821D5A005898C5 /* Release */,
			);
			defaultConfigurationIsVisible = 0;
			defaultConfigurationName = Release;
		};
		B472C57125821D5A005898C5 /* Build configuration list for PBXNativeTarget "XYUIKitDemo" */ = {
			isa = XCConfigurationList;
			buildConfigurations = (
				B472C57225821D5A005898C5 /* Debug */,
				B472C57325821D5A005898C5 /* Release */,
			);
			defaultConfigurationIsVisible = 0;
			defaultConfigurationName = Release;
		};
/* End XCConfigurationList section */
	};
	rootObject = B472C55525821D58005898C5 /* Project object */;
}
