PODS:
  - Masonry (1.1.0)
  - MJExtension (3.2.2)
  - MJRefresh (3.5.0)
  - SnapKit (5.0.1)
  - SVProgressHUD (2.2.5)
  - XYInfomationSection (1.0.3):
    - Masonry
  - XYNav (1.0)

DEPENDENCIES:
  - MJExtension (= 3.2.2)
  - MJRefresh (= 3.5.0)
  - SnapKit (~> 5.0.0)
  - SVProgressHUD
  - XYInfomationSection (= 1.0.3)
  - XYNav (from `/Users/quxiaoyou/Documents/GitHub/XYNav/XYNav`)

SPEC REPOS:
  trunk:
    - Masonry
    - MJExtension
    - MJRefresh
    - SnapKit
    - SVProgressHUD
    - XYInfomationSection

EXTERNAL SOURCES:
  XYNav:
    :path: "/Users/quxiaoyou/Documents/GitHub/XYNav/XYNav"

SPEC CHECKSUMS:
  Masonry: 678fab65091a9290e40e2832a55e7ab731aad201
  MJExtension: d9b9c74cbdeb724c1e9ecbb157b318276e62e876
  MJRefresh: 6afc955813966afb08305477dd7a0d9ad5e79a16
  SnapKit: 97b92857e3df3a0c71833cce143274bf6ef8e5eb
  SVProgressHUD: 1428aafac632c1f86f62aa4243ec12008d7a51d6
  XYInfomationSection: 78adfd5a3e6b2939c5532f1500a90d52af24a668
  XYNav: c13016c64b9963fbe3f113a63d0b175587813d4b

PODFILE CHECKSUM: e39f4916842de566d2fd9e6cd3319314e07815c5

COCOAPODS: 1.10.1
