// !$*UTF8*$!
{
	archiveVersion = 1;
	classes = {
	};
	objectVersion = 56;
	objects = {

/* Begin PBXBuildFile section */
		3AB4C2A720E6EE4930982A99 /* Pods_YYUIKitDemo.framework in Frameworks */ = {isa = PBXBuildFile; fileRef = 018D7CEC2FA65CDD5DE7852D /* Pods_YYUIKitDemo.framework */; };
		B4131BE02B73D86900B7FEC7 /* 2.gif in Resources */ = {isa = PBXBuildFile; fileRef = B4131BDC2B73D86900B7FEC7 /* 2.gif */; };
		B4131BE12B73D86900B7FEC7 /* 4.gif in Resources */ = {isa = PBXBuildFile; fileRef = B4131BDD2B73D86900B7FEC7 /* 4.gif */; };
		B4131BE22B73D86900B7FEC7 /* 1.gif in Resources */ = {isa = PBXBuildFile; fileRef = B4131BDE2B73D86900B7FEC7 /* 1.gif */; };
		B4131BE32B73D86900B7FEC7 /* 3.gif in Resources */ = {isa = PBXBuildFile; fileRef = B4131BDF2B73D86900B7FEC7 /* 3.gif */; };
		B428E0BB2B87AA16001B43AD /* FloatBallView.swift in Sources */ = {isa = PBXBuildFile; fileRef = B428E0BA2B87AA16001B43AD /* FloatBallView.swift */; };
		B428E0BD2B8A01C6001B43AD /* FileSystemView.swift in Sources */ = {isa = PBXBuildFile; fileRef = B428E0BC2B8A01C6001B43AD /* FileSystemView.swift */; };
		B45D377D2B6F71860092C5D6 /* AppDelegate.swift in Sources */ = {isa = PBXBuildFile; fileRef = B45D377C2B6F71860092C5D6 /* AppDelegate.swift */; };
		B45D37812B6F71860092C5D6 /* ViewController.swift in Sources */ = {isa = PBXBuildFile; fileRef = B45D37802B6F71860092C5D6 /* ViewController.swift */; };
		B45D37842B6F71860092C5D6 /* Main.storyboard in Resources */ = {isa = PBXBuildFile; fileRef = B45D37822B6F71860092C5D6 /* Main.storyboard */; };
		B45D37862B6F71870092C5D6 /* Assets.xcassets in Resources */ = {isa = PBXBuildFile; fileRef = B45D37852B6F71870092C5D6 /* Assets.xcassets */; };
		B45D37892B6F71870092C5D6 /* LaunchScreen.storyboard in Resources */ = {isa = PBXBuildFile; fileRef = B45D37872B6F71870092C5D6 /* LaunchScreen.storyboard */; };
		B45D37D92B6FB3B30092C5D6 /* IMViewController.swift in Sources */ = {isa = PBXBuildFile; fileRef = B45D37CA2B6FB3B30092C5D6 /* IMViewController.swift */; };
		B45D37DA2B6FB3B30092C5D6 /* AnimationViewController.swift in Sources */ = {isa = PBXBuildFile; fileRef = B45D37CB2B6FB3B30092C5D6 /* AnimationViewController.swift */; };
		B45D37DB2B6FB3B30092C5D6 /* ViewController2.swift in Sources */ = {isa = PBXBuildFile; fileRef = B45D37CC2B6FB3B30092C5D6 /* ViewController2.swift */; };
		B45D37DC2B6FB3B30092C5D6 /* ListViewController.swift in Sources */ = {isa = PBXBuildFile; fileRef = B45D37CD2B6FB3B30092C5D6 /* ListViewController.swift */; };
		B45D37DD2B6FB3B30092C5D6 /* MailViewController.swift in Sources */ = {isa = PBXBuildFile; fileRef = B45D37CE2B6FB3B30092C5D6 /* MailViewController.swift */; };
		B45D37DE2B6FB3B30092C5D6 /* File.swift in Sources */ = {isa = PBXBuildFile; fileRef = B45D37CF2B6FB3B30092C5D6 /* File.swift */; };
		B45D37DF2B6FB3B30092C5D6 /* TableViewController.swift in Sources */ = {isa = PBXBuildFile; fileRef = B45D37D02B6FB3B30092C5D6 /* TableViewController.swift */; };
		B45D37E02B6FB3B30092C5D6 /* Demo_Combine.swift in Sources */ = {isa = PBXBuildFile; fileRef = B45D37D12B6FB3B30092C5D6 /* Demo_Combine.swift */; };
		B45D37E12B6FB3B30092C5D6 /* ShowAlertVC.swift in Sources */ = {isa = PBXBuildFile; fileRef = B45D37D22B6FB3B30092C5D6 /* ShowAlertVC.swift */; };
		B45D37E22B6FB3B30092C5D6 /* AnimationViewController.xib in Resources */ = {isa = PBXBuildFile; fileRef = B45D37D32B6FB3B30092C5D6 /* AnimationViewController.xib */; };
		B45D37E32B6FB3B30092C5D6 /* ZLWechatActionSheet.swift in Sources */ = {isa = PBXBuildFile; fileRef = B45D37D42B6FB3B30092C5D6 /* ZLWechatActionSheet.swift */; };
		B45D37E42B6FB3B30092C5D6 /* ZLJobCoordinationAlertController.swift in Sources */ = {isa = PBXBuildFile; fileRef = B45D37D52B6FB3B30092C5D6 /* ZLJobCoordinationAlertController.swift */; };
		B45D37E52B6FB3B30092C5D6 /* CustomViewController.swift in Sources */ = {isa = PBXBuildFile; fileRef = B45D37D62B6FB3B30092C5D6 /* CustomViewController.swift */; };
		B45D37E62B6FB3B30092C5D6 /* NestedXYInfoViewController.swift in Sources */ = {isa = PBXBuildFile; fileRef = B45D37D72B6FB3B30092C5D6 /* NestedXYInfoViewController.swift */; };
		B45D37E72B6FB3B30092C5D6 /* TimeViewController.swift in Sources */ = {isa = PBXBuildFile; fileRef = B45D37D82B6FB3B30092C5D6 /* TimeViewController.swift */; };
		B45D37F02B6FB3E60092C5D6 /* XYCustomTimePickerViewController.swift in Sources */ = {isa = PBXBuildFile; fileRef = B45D37E92B6FB3E60092C5D6 /* XYCustomTimePickerViewController.swift */; };
		B45D37F12B6FB3E60092C5D6 /* TipView.swift in Sources */ = {isa = PBXBuildFile; fileRef = B45D37EA2B6FB3E60092C5D6 /* TipView.swift */; };
		B45D37F22B6FB3E60092C5D6 /* RefreshHeader.swift in Sources */ = {isa = PBXBuildFile; fileRef = B45D37EB2B6FB3E60092C5D6 /* RefreshHeader.swift */; };
		B45D37F32B6FB3E60092C5D6 /* ZLPushNotificationTipView.swift in Sources */ = {isa = PBXBuildFile; fileRef = B45D37EC2B6FB3E60092C5D6 /* ZLPushNotificationTipView.swift */; };
		B45D37F42B6FB3E60092C5D6 /* XYCards.swift in Sources */ = {isa = PBXBuildFile; fileRef = B45D37ED2B6FB3E60092C5D6 /* XYCards.swift */; };
		B45D37F52B6FB3E60092C5D6 /* ZLNewGreetingView.swift in Sources */ = {isa = PBXBuildFile; fileRef = B45D37EE2B6FB3E60092C5D6 /* ZLNewGreetingView.swift */; };
		B45D37F62B6FB3E60092C5D6 /* GradientView.swift in Sources */ = {isa = PBXBuildFile; fileRef = B45D37EF2B6FB3E60092C5D6 /* GradientView.swift */; };
		B4641A6D2B970E7900CAEE24 /* BannerView.swift in Sources */ = {isa = PBXBuildFile; fileRef = B4641A6C2B970E7900CAEE24 /* BannerView.swift */; };
		B498BA422B8C421000114112 /* AppFunctionView.swift in Sources */ = {isa = PBXBuildFile; fileRef = B498BA412B8C421000114112 /* AppFunctionView.swift */; };
		B49F8BA72B9B732400280DDA /* WidgetBgTest.swift in Sources */ = {isa = PBXBuildFile; fileRef = B49F8BA62B9B732400280DDA /* WidgetBgTest.swift */; };
		B4BB16262C099FD500B0B5A2 /* Alert&AlertSheetVC.swift in Sources */ = {isa = PBXBuildFile; fileRef = B4BB16252C099FD500B0B5A2 /* Alert&AlertSheetVC.swift */; };
		B4D591D32B9B77B30073E64A /* moon.gif in Resources */ = {isa = PBXBuildFile; fileRef = B4D591C12B9B77B30073E64A /* moon.gif */; };
		B4D591D42B9B77B30073E64A /* star.gif in Resources */ = {isa = PBXBuildFile; fileRef = B4D591C22B9B77B30073E64A /* star.gif */; };
		B4D591D52B9B77B30073E64A /* fluid-3-2.gif in Resources */ = {isa = PBXBuildFile; fileRef = B4D591C32B9B77B30073E64A /* fluid-3-2.gif */; };
		B4D591D62B9B77B30073E64A /* fluid-1-1.gif in Resources */ = {isa = PBXBuildFile; fileRef = B4D591C42B9B77B30073E64A /* fluid-1-1.gif */; };
		B4D591D72B9B77B30073E64A /* fluid-3-3.gif in Resources */ = {isa = PBXBuildFile; fileRef = B4D591C52B9B77B30073E64A /* fluid-3-3.gif */; };
		B4D591D82B9B77B30073E64A /* fluid-3-1.gif in Resources */ = {isa = PBXBuildFile; fileRef = B4D591C62B9B77B30073E64A /* fluid-3-1.gif */; };
		B4D591D92B9B77B30073E64A /* fluid-1-3.gif in Resources */ = {isa = PBXBuildFile; fileRef = B4D591C72B9B77B30073E64A /* fluid-1-3.gif */; };
		B4D591DA2B9B77B30073E64A /* fluid-1-2.gif in Resources */ = {isa = PBXBuildFile; fileRef = B4D591C82B9B77B30073E64A /* fluid-1-2.gif */; };
		B4D591DB2B9B77B30073E64A /* fluid-3-4.gif in Resources */ = {isa = PBXBuildFile; fileRef = B4D591C92B9B77B30073E64A /* fluid-3-4.gif */; };
		B4D591DC2B9B77B30073E64A /* fluid-3-5.gif in Resources */ = {isa = PBXBuildFile; fileRef = B4D591CA2B9B77B30073E64A /* fluid-3-5.gif */; };
		B4D591DD2B9B77B30073E64A /* fluid-1-5.gif in Resources */ = {isa = PBXBuildFile; fileRef = B4D591CB2B9B77B30073E64A /* fluid-1-5.gif */; };
		B4D591DE2B9B77B30073E64A /* fluid-1-4.gif in Resources */ = {isa = PBXBuildFile; fileRef = B4D591CC2B9B77B30073E64A /* fluid-1-4.gif */; };
		B4D591DF2B9B77B30073E64A /* fluid-3-6.gif in Resources */ = {isa = PBXBuildFile; fileRef = B4D591CD2B9B77B30073E64A /* fluid-3-6.gif */; };
		B4D591E02B9B77B30073E64A /* fluid-2-1.gif in Resources */ = {isa = PBXBuildFile; fileRef = B4D591CE2B9B77B30073E64A /* fluid-2-1.gif */; };
		B4D591E12B9B77B30073E64A /* fluid-2-2.gif in Resources */ = {isa = PBXBuildFile; fileRef = B4D591CF2B9B77B30073E64A /* fluid-2-2.gif */; };
		B4D591E22B9B77B30073E64A /* fluid-2-3.gif in Resources */ = {isa = PBXBuildFile; fileRef = B4D591D02B9B77B30073E64A /* fluid-2-3.gif */; };
		B4D591E32B9B77B30073E64A /* fluid-2-4.gif in Resources */ = {isa = PBXBuildFile; fileRef = B4D591D12B9B77B30073E64A /* fluid-2-4.gif */; };
		B4D591E42B9B77B30073E64A /* fluid-2-5.gif in Resources */ = {isa = PBXBuildFile; fileRef = B4D591D22B9B77B30073E64A /* fluid-2-5.gif */; };
/* End PBXBuildFile section */

/* Begin PBXFileReference section */
		018D7CEC2FA65CDD5DE7852D /* Pods_YYUIKitDemo.framework */ = {isa = PBXFileReference; explicitFileType = wrapper.framework; includeInIndex = 0; path = Pods_YYUIKitDemo.framework; sourceTree = BUILT_PRODUCTS_DIR; };
		1C5580A050A5480FBE0D9334 /* Pods-YYUIKitDemo.debug.xcconfig */ = {isa = PBXFileReference; includeInIndex = 1; lastKnownFileType = text.xcconfig; name = "Pods-YYUIKitDemo.debug.xcconfig"; path = "Target Support Files/Pods-YYUIKitDemo/Pods-YYUIKitDemo.debug.xcconfig"; sourceTree = "<group>"; };
		7260AA21A27D92F5AB0A0982 /* Pods-YYUIKitDemo.release.xcconfig */ = {isa = PBXFileReference; includeInIndex = 1; lastKnownFileType = text.xcconfig; name = "Pods-YYUIKitDemo.release.xcconfig"; path = "Target Support Files/Pods-YYUIKitDemo/Pods-YYUIKitDemo.release.xcconfig"; sourceTree = "<group>"; };
		B4131BDC2B73D86900B7FEC7 /* 2.gif */ = {isa = PBXFileReference; lastKnownFileType = image.gif; path = 2.gif; sourceTree = "<group>"; };
		B4131BDD2B73D86900B7FEC7 /* 4.gif */ = {isa = PBXFileReference; lastKnownFileType = image.gif; path = 4.gif; sourceTree = "<group>"; };
		B4131BDE2B73D86900B7FEC7 /* 1.gif */ = {isa = PBXFileReference; lastKnownFileType = image.gif; path = 1.gif; sourceTree = "<group>"; };
		B4131BDF2B73D86900B7FEC7 /* 3.gif */ = {isa = PBXFileReference; lastKnownFileType = image.gif; path = 3.gif; sourceTree = "<group>"; };
		B428E0BA2B87AA16001B43AD /* FloatBallView.swift */ = {isa = PBXFileReference; lastKnownFileType = sourcecode.swift; path = FloatBallView.swift; sourceTree = "<group>"; };
		B428E0BC2B8A01C6001B43AD /* FileSystemView.swift */ = {isa = PBXFileReference; lastKnownFileType = sourcecode.swift; path = FileSystemView.swift; sourceTree = "<group>"; };
		B45D37792B6F71860092C5D6 /* YYUIKitDemo.app */ = {isa = PBXFileReference; explicitFileType = wrapper.application; includeInIndex = 0; path = YYUIKitDemo.app; sourceTree = BUILT_PRODUCTS_DIR; };
		B45D377C2B6F71860092C5D6 /* AppDelegate.swift */ = {isa = PBXFileReference; lastKnownFileType = sourcecode.swift; path = AppDelegate.swift; sourceTree = "<group>"; };
		B45D37802B6F71860092C5D6 /* ViewController.swift */ = {isa = PBXFileReference; lastKnownFileType = sourcecode.swift; path = ViewController.swift; sourceTree = "<group>"; };
		B45D37832B6F71860092C5D6 /* Base */ = {isa = PBXFileReference; lastKnownFileType = file.storyboard; name = Base; path = Base.lproj/Main.storyboard; sourceTree = "<group>"; };
		B45D37852B6F71870092C5D6 /* Assets.xcassets */ = {isa = PBXFileReference; lastKnownFileType = folder.assetcatalog; path = Assets.xcassets; sourceTree = "<group>"; };
		B45D37882B6F71870092C5D6 /* Base */ = {isa = PBXFileReference; lastKnownFileType = file.storyboard; name = Base; path = Base.lproj/LaunchScreen.storyboard; sourceTree = "<group>"; };
		B45D378A2B6F71870092C5D6 /* Info.plist */ = {isa = PBXFileReference; lastKnownFileType = text.plist.xml; path = Info.plist; sourceTree = "<group>"; };
		B45D37CA2B6FB3B30092C5D6 /* IMViewController.swift */ = {isa = PBXFileReference; fileEncoding = 4; lastKnownFileType = sourcecode.swift; path = IMViewController.swift; sourceTree = "<group>"; };
		B45D37CB2B6FB3B30092C5D6 /* AnimationViewController.swift */ = {isa = PBXFileReference; fileEncoding = 4; lastKnownFileType = sourcecode.swift; path = AnimationViewController.swift; sourceTree = "<group>"; };
		B45D37CC2B6FB3B30092C5D6 /* ViewController2.swift */ = {isa = PBXFileReference; fileEncoding = 4; lastKnownFileType = sourcecode.swift; path = ViewController2.swift; sourceTree = "<group>"; };
		B45D37CD2B6FB3B30092C5D6 /* ListViewController.swift */ = {isa = PBXFileReference; fileEncoding = 4; lastKnownFileType = sourcecode.swift; path = ListViewController.swift; sourceTree = "<group>"; };
		B45D37CE2B6FB3B30092C5D6 /* MailViewController.swift */ = {isa = PBXFileReference; fileEncoding = 4; lastKnownFileType = sourcecode.swift; path = MailViewController.swift; sourceTree = "<group>"; };
		B45D37CF2B6FB3B30092C5D6 /* File.swift */ = {isa = PBXFileReference; fileEncoding = 4; lastKnownFileType = sourcecode.swift; path = File.swift; sourceTree = "<group>"; };
		B45D37D02B6FB3B30092C5D6 /* TableViewController.swift */ = {isa = PBXFileReference; fileEncoding = 4; lastKnownFileType = sourcecode.swift; path = TableViewController.swift; sourceTree = "<group>"; };
		B45D37D12B6FB3B30092C5D6 /* Demo_Combine.swift */ = {isa = PBXFileReference; fileEncoding = 4; lastKnownFileType = sourcecode.swift; path = Demo_Combine.swift; sourceTree = "<group>"; };
		B45D37D22B6FB3B30092C5D6 /* ShowAlertVC.swift */ = {isa = PBXFileReference; fileEncoding = 4; lastKnownFileType = sourcecode.swift; path = ShowAlertVC.swift; sourceTree = "<group>"; };
		B45D37D32B6FB3B30092C5D6 /* AnimationViewController.xib */ = {isa = PBXFileReference; fileEncoding = 4; lastKnownFileType = file.xib; path = AnimationViewController.xib; sourceTree = "<group>"; };
		B45D37D42B6FB3B30092C5D6 /* ZLWechatActionSheet.swift */ = {isa = PBXFileReference; fileEncoding = 4; lastKnownFileType = sourcecode.swift; path = ZLWechatActionSheet.swift; sourceTree = "<group>"; };
		B45D37D52B6FB3B30092C5D6 /* ZLJobCoordinationAlertController.swift */ = {isa = PBXFileReference; fileEncoding = 4; lastKnownFileType = sourcecode.swift; path = ZLJobCoordinationAlertController.swift; sourceTree = "<group>"; };
		B45D37D62B6FB3B30092C5D6 /* CustomViewController.swift */ = {isa = PBXFileReference; fileEncoding = 4; lastKnownFileType = sourcecode.swift; path = CustomViewController.swift; sourceTree = "<group>"; };
		B45D37D72B6FB3B30092C5D6 /* NestedXYInfoViewController.swift */ = {isa = PBXFileReference; fileEncoding = 4; lastKnownFileType = sourcecode.swift; path = NestedXYInfoViewController.swift; sourceTree = "<group>"; };
		B45D37D82B6FB3B30092C5D6 /* TimeViewController.swift */ = {isa = PBXFileReference; fileEncoding = 4; lastKnownFileType = sourcecode.swift; path = TimeViewController.swift; sourceTree = "<group>"; };
		B45D37E92B6FB3E60092C5D6 /* XYCustomTimePickerViewController.swift */ = {isa = PBXFileReference; fileEncoding = 4; lastKnownFileType = sourcecode.swift; path = XYCustomTimePickerViewController.swift; sourceTree = "<group>"; };
		B45D37EA2B6FB3E60092C5D6 /* TipView.swift */ = {isa = PBXFileReference; fileEncoding = 4; lastKnownFileType = sourcecode.swift; path = TipView.swift; sourceTree = "<group>"; };
		B45D37EB2B6FB3E60092C5D6 /* RefreshHeader.swift */ = {isa = PBXFileReference; fileEncoding = 4; lastKnownFileType = sourcecode.swift; path = RefreshHeader.swift; sourceTree = "<group>"; };
		B45D37EC2B6FB3E60092C5D6 /* ZLPushNotificationTipView.swift */ = {isa = PBXFileReference; fileEncoding = 4; lastKnownFileType = sourcecode.swift; path = ZLPushNotificationTipView.swift; sourceTree = "<group>"; };
		B45D37ED2B6FB3E60092C5D6 /* XYCards.swift */ = {isa = PBXFileReference; fileEncoding = 4; lastKnownFileType = sourcecode.swift; path = XYCards.swift; sourceTree = "<group>"; };
		B45D37EE2B6FB3E60092C5D6 /* ZLNewGreetingView.swift */ = {isa = PBXFileReference; fileEncoding = 4; lastKnownFileType = sourcecode.swift; path = ZLNewGreetingView.swift; sourceTree = "<group>"; };
		B45D37EF2B6FB3E60092C5D6 /* GradientView.swift */ = {isa = PBXFileReference; fileEncoding = 4; lastKnownFileType = sourcecode.swift; path = GradientView.swift; sourceTree = "<group>"; };
		B4641A6C2B970E7900CAEE24 /* BannerView.swift */ = {isa = PBXFileReference; lastKnownFileType = sourcecode.swift; path = BannerView.swift; sourceTree = "<group>"; };
		B498BA412B8C421000114112 /* AppFunctionView.swift */ = {isa = PBXFileReference; lastKnownFileType = sourcecode.swift; path = AppFunctionView.swift; sourceTree = "<group>"; };
		B49F8BA62B9B732400280DDA /* WidgetBgTest.swift */ = {isa = PBXFileReference; lastKnownFileType = sourcecode.swift; path = WidgetBgTest.swift; sourceTree = "<group>"; };
		B4BB16252C099FD500B0B5A2 /* Alert&AlertSheetVC.swift */ = {isa = PBXFileReference; lastKnownFileType = sourcecode.swift; path = "Alert&AlertSheetVC.swift"; sourceTree = "<group>"; };
		B4D591C12B9B77B30073E64A /* moon.gif */ = {isa = PBXFileReference; lastKnownFileType = image.gif; path = moon.gif; sourceTree = "<group>"; };
		B4D591C22B9B77B30073E64A /* star.gif */ = {isa = PBXFileReference; lastKnownFileType = image.gif; path = star.gif; sourceTree = "<group>"; };
		B4D591C32B9B77B30073E64A /* fluid-3-2.gif */ = {isa = PBXFileReference; lastKnownFileType = image.gif; path = "fluid-3-2.gif"; sourceTree = "<group>"; };
		B4D591C42B9B77B30073E64A /* fluid-1-1.gif */ = {isa = PBXFileReference; lastKnownFileType = image.gif; path = "fluid-1-1.gif"; sourceTree = "<group>"; };
		B4D591C52B9B77B30073E64A /* fluid-3-3.gif */ = {isa = PBXFileReference; lastKnownFileType = image.gif; path = "fluid-3-3.gif"; sourceTree = "<group>"; };
		B4D591C62B9B77B30073E64A /* fluid-3-1.gif */ = {isa = PBXFileReference; lastKnownFileType = image.gif; path = "fluid-3-1.gif"; sourceTree = "<group>"; };
		B4D591C72B9B77B30073E64A /* fluid-1-3.gif */ = {isa = PBXFileReference; lastKnownFileType = image.gif; path = "fluid-1-3.gif"; sourceTree = "<group>"; };
		B4D591C82B9B77B30073E64A /* fluid-1-2.gif */ = {isa = PBXFileReference; lastKnownFileType = image.gif; path = "fluid-1-2.gif"; sourceTree = "<group>"; };
		B4D591C92B9B77B30073E64A /* fluid-3-4.gif */ = {isa = PBXFileReference; lastKnownFileType = image.gif; path = "fluid-3-4.gif"; sourceTree = "<group>"; };
		B4D591CA2B9B77B30073E64A /* fluid-3-5.gif */ = {isa = PBXFileReference; lastKnownFileType = image.gif; path = "fluid-3-5.gif"; sourceTree = "<group>"; };
		B4D591CB2B9B77B30073E64A /* fluid-1-5.gif */ = {isa = PBXFileReference; lastKnownFileType = image.gif; path = "fluid-1-5.gif"; sourceTree = "<group>"; };
		B4D591CC2B9B77B30073E64A /* fluid-1-4.gif */ = {isa = PBXFileReference; lastKnownFileType = image.gif; path = "fluid-1-4.gif"; sourceTree = "<group>"; };
		B4D591CD2B9B77B30073E64A /* fluid-3-6.gif */ = {isa = PBXFileReference; lastKnownFileType = image.gif; path = "fluid-3-6.gif"; sourceTree = "<group>"; };
		B4D591CE2B9B77B30073E64A /* fluid-2-1.gif */ = {isa = PBXFileReference; lastKnownFileType = image.gif; path = "fluid-2-1.gif"; sourceTree = "<group>"; };
		B4D591CF2B9B77B30073E64A /* fluid-2-2.gif */ = {isa = PBXFileReference; lastKnownFileType = image.gif; path = "fluid-2-2.gif"; sourceTree = "<group>"; };
		B4D591D02B9B77B30073E64A /* fluid-2-3.gif */ = {isa = PBXFileReference; lastKnownFileType = image.gif; path = "fluid-2-3.gif"; sourceTree = "<group>"; };
		B4D591D12B9B77B30073E64A /* fluid-2-4.gif */ = {isa = PBXFileReference; lastKnownFileType = image.gif; path = "fluid-2-4.gif"; sourceTree = "<group>"; };
		B4D591D22B9B77B30073E64A /* fluid-2-5.gif */ = {isa = PBXFileReference; lastKnownFileType = image.gif; path = "fluid-2-5.gif"; sourceTree = "<group>"; };
/* End PBXFileReference section */

/* Begin PBXFrameworksBuildPhase section */
		B45D37762B6F71860092C5D6 /* Frameworks */ = {
			isa = PBXFrameworksBuildPhase;
			buildActionMask = 2147483647;
			files = (
				3AB4C2A720E6EE4930982A99 /* Pods_YYUIKitDemo.framework in Frameworks */,
			);
			runOnlyForDeploymentPostprocessing = 0;
		};
/* End PBXFrameworksBuildPhase section */

/* Begin PBXGroup section */
		6153109D995CA67CCA2020C1 /* Frameworks */ = {
			isa = PBXGroup;
			children = (
				018D7CEC2FA65CDD5DE7852D /* Pods_YYUIKitDemo.framework */,
			);
			name = Frameworks;
			sourceTree = "<group>";
		};
		B4131BDB2B73D85D00B7FEC7 /* 小球 */ = {
			isa = PBXGroup;
			children = (
				B4131BDE2B73D86900B7FEC7 /* 1.gif */,
				B4131BDC2B73D86900B7FEC7 /* 2.gif */,
				B4131BDF2B73D86900B7FEC7 /* 3.gif */,
				B4131BDD2B73D86900B7FEC7 /* 4.gif */,
			);
			path = "小球";
			sourceTree = "<group>";
		};
		B428E0B92B87A82B001B43AD /* SwiftUI */ = {
			isa = PBXGroup;
			children = (
				B428E0BA2B87AA16001B43AD /* FloatBallView.swift */,
				B428E0BC2B8A01C6001B43AD /* FileSystemView.swift */,
				B498BA412B8C421000114112 /* AppFunctionView.swift */,
				B4641A6C2B970E7900CAEE24 /* BannerView.swift */,
				B49F8BA62B9B732400280DDA /* WidgetBgTest.swift */,
				B4BB16252C099FD500B0B5A2 /* Alert&AlertSheetVC.swift */,
			);
			path = SwiftUI;
			sourceTree = "<group>";
		};
		B45D37702B6F71860092C5D6 = {
			isa = PBXGroup;
			children = (
				B45D377B2B6F71860092C5D6 /* YYUIKitDemo */,
				B45D377A2B6F71860092C5D6 /* Products */,
				B5404D56202CA71D9EF135FC /* Pods */,
				6153109D995CA67CCA2020C1 /* Frameworks */,
			);
			sourceTree = "<group>";
		};
		B45D377A2B6F71860092C5D6 /* Products */ = {
			isa = PBXGroup;
			children = (
				B45D37792B6F71860092C5D6 /* YYUIKitDemo.app */,
			);
			name = Products;
			sourceTree = "<group>";
		};
		B45D377B2B6F71860092C5D6 /* YYUIKitDemo */ = {
			isa = PBXGroup;
			children = (
				B428E0B92B87A82B001B43AD /* SwiftUI */,
				B45D37E82B6FB3E60092C5D6 /* views */,
				B45D37C92B6FB3B30092C5D6 /* controllers */,
				B45D37C82B6FB3840092C5D6 /* Resource */,
			);
			path = YYUIKitDemo;
			sourceTree = "<group>";
		};
		B45D37C82B6FB3840092C5D6 /* Resource */ = {
			isa = PBXGroup;
			children = (
				B4D591C02B9B77B30073E64A /* topWidget动态背景 */,
				B4131BDB2B73D85D00B7FEC7 /* 小球 */,
				B45D377C2B6F71860092C5D6 /* AppDelegate.swift */,
				B45D37802B6F71860092C5D6 /* ViewController.swift */,
				B45D37822B6F71860092C5D6 /* Main.storyboard */,
				B45D37852B6F71870092C5D6 /* Assets.xcassets */,
				B45D37872B6F71870092C5D6 /* LaunchScreen.storyboard */,
				B45D378A2B6F71870092C5D6 /* Info.plist */,
			);
			path = Resource;
			sourceTree = "<group>";
		};
		B45D37C92B6FB3B30092C5D6 /* controllers */ = {
			isa = PBXGroup;
			children = (
				B45D37CA2B6FB3B30092C5D6 /* IMViewController.swift */,
				B45D37CB2B6FB3B30092C5D6 /* AnimationViewController.swift */,
				B45D37CC2B6FB3B30092C5D6 /* ViewController2.swift */,
				B45D37CD2B6FB3B30092C5D6 /* ListViewController.swift */,
				B45D37CE2B6FB3B30092C5D6 /* MailViewController.swift */,
				B45D37CF2B6FB3B30092C5D6 /* File.swift */,
				B45D37D02B6FB3B30092C5D6 /* TableViewController.swift */,
				B45D37D12B6FB3B30092C5D6 /* Demo_Combine.swift */,
				B45D37D22B6FB3B30092C5D6 /* ShowAlertVC.swift */,
				B45D37D32B6FB3B30092C5D6 /* AnimationViewController.xib */,
				B45D37D42B6FB3B30092C5D6 /* ZLWechatActionSheet.swift */,
				B45D37D52B6FB3B30092C5D6 /* ZLJobCoordinationAlertController.swift */,
				B45D37D62B6FB3B30092C5D6 /* CustomViewController.swift */,
				B45D37D72B6FB3B30092C5D6 /* NestedXYInfoViewController.swift */,
				B45D37D82B6FB3B30092C5D6 /* TimeViewController.swift */,
			);
			path = controllers;
			sourceTree = "<group>";
		};
		B45D37E82B6FB3E60092C5D6 /* views */ = {
			isa = PBXGroup;
			children = (
				B45D37E92B6FB3E60092C5D6 /* XYCustomTimePickerViewController.swift */,
				B45D37EA2B6FB3E60092C5D6 /* TipView.swift */,
				B45D37EB2B6FB3E60092C5D6 /* RefreshHeader.swift */,
				B45D37EC2B6FB3E60092C5D6 /* ZLPushNotificationTipView.swift */,
				B45D37ED2B6FB3E60092C5D6 /* XYCards.swift */,
				B45D37EE2B6FB3E60092C5D6 /* ZLNewGreetingView.swift */,
				B45D37EF2B6FB3E60092C5D6 /* GradientView.swift */,
			);
			path = views;
			sourceTree = "<group>";
		};
		B4D591C02B9B77B30073E64A /* topWidget动态背景 */ = {
			isa = PBXGroup;
			children = (
				B4D591C12B9B77B30073E64A /* moon.gif */,
				B4D591C22B9B77B30073E64A /* star.gif */,
				B4D591C32B9B77B30073E64A /* fluid-3-2.gif */,
				B4D591C42B9B77B30073E64A /* fluid-1-1.gif */,
				B4D591C52B9B77B30073E64A /* fluid-3-3.gif */,
				B4D591C62B9B77B30073E64A /* fluid-3-1.gif */,
				B4D591C72B9B77B30073E64A /* fluid-1-3.gif */,
				B4D591C82B9B77B30073E64A /* fluid-1-2.gif */,
				B4D591C92B9B77B30073E64A /* fluid-3-4.gif */,
				B4D591CA2B9B77B30073E64A /* fluid-3-5.gif */,
				B4D591CB2B9B77B30073E64A /* fluid-1-5.gif */,
				B4D591CC2B9B77B30073E64A /* fluid-1-4.gif */,
				B4D591CD2B9B77B30073E64A /* fluid-3-6.gif */,
				B4D591CE2B9B77B30073E64A /* fluid-2-1.gif */,
				B4D591CF2B9B77B30073E64A /* fluid-2-2.gif */,
				B4D591D02B9B77B30073E64A /* fluid-2-3.gif */,
				B4D591D12B9B77B30073E64A /* fluid-2-4.gif */,
				B4D591D22B9B77B30073E64A /* fluid-2-5.gif */,
			);
			path = "topWidget动态背景";
			sourceTree = "<group>";
		};
		B5404D56202CA71D9EF135FC /* Pods */ = {
			isa = PBXGroup;
			children = (
				1C5580A050A5480FBE0D9334 /* Pods-YYUIKitDemo.debug.xcconfig */,
				7260AA21A27D92F5AB0A0982 /* Pods-YYUIKitDemo.release.xcconfig */,
			);
			path = Pods;
			sourceTree = "<group>";
		};
/* End PBXGroup section */

/* Begin PBXNativeTarget section */
		B45D37782B6F71860092C5D6 /* YYUIKitDemo */ = {
			isa = PBXNativeTarget;
			buildConfigurationList = B45D378D2B6F71870092C5D6 /* Build configuration list for PBXNativeTarget "YYUIKitDemo" */;
			buildPhases = (
				6DCAF08E45449DBB63617BE5 /* [CP] Check Pods Manifest.lock */,
				B45D37752B6F71860092C5D6 /* Sources */,
				B45D37762B6F71860092C5D6 /* Frameworks */,
				B45D37772B6F71860092C5D6 /* Resources */,
				821EF78A248845C749E0E656 /* [CP] Embed Pods Frameworks */,
			);
			buildRules = (
			);
			dependencies = (
			);
			name = YYUIKitDemo;
			productName = YYUIKitDemo;
			productReference = B45D37792B6F71860092C5D6 /* YYUIKitDemo.app */;
			productType = "com.apple.product-type.application";
		};
/* End PBXNativeTarget section */

/* Begin PBXProject section */
		B45D37712B6F71860092C5D6 /* Project object */ = {
			isa = PBXProject;
			attributes = {
				BuildIndependentTargetsInParallel = 1;
				LastSwiftUpdateCheck = 1500;
				LastUpgradeCheck = 1500;
				TargetAttributes = {
					B45D37782B6F71860092C5D6 = {
						CreatedOnToolsVersion = 15.0.1;
					};
				};
			};
			buildConfigurationList = B45D37742B6F71860092C5D6 /* Build configuration list for PBXProject "YYUIKitDemo" */;
			compatibilityVersion = "Xcode 14.0";
			developmentRegion = en;
			hasScannedForEncodings = 0;
			knownRegions = (
				en,
				Base,
			);
			mainGroup = B45D37702B6F71860092C5D6;
			productRefGroup = B45D377A2B6F71860092C5D6 /* Products */;
			projectDirPath = "";
			projectRoot = "";
			targets = (
				B45D37782B6F71860092C5D6 /* YYUIKitDemo */,
			);
		};
/* End PBXProject section */

/* Begin PBXResourcesBuildPhase section */
		B45D37772B6F71860092C5D6 /* Resources */ = {
			isa = PBXResourcesBuildPhase;
			buildActionMask = 2147483647;
			files = (
				B4D591DD2B9B77B30073E64A /* fluid-1-5.gif in Resources */,
				B45D37892B6F71870092C5D6 /* LaunchScreen.storyboard in Resources */,
				B4D591DB2B9B77B30073E64A /* fluid-3-4.gif in Resources */,
				B4D591E32B9B77B30073E64A /* fluid-2-4.gif in Resources */,
				B4D591D82B9B77B30073E64A /* fluid-3-1.gif in Resources */,
				B4D591E22B9B77B30073E64A /* fluid-2-3.gif in Resources */,
				B4D591E42B9B77B30073E64A /* fluid-2-5.gif in Resources */,
				B4D591DA2B9B77B30073E64A /* fluid-1-2.gif in Resources */,
				B4D591D62B9B77B30073E64A /* fluid-1-1.gif in Resources */,
				B4131BE02B73D86900B7FEC7 /* 2.gif in Resources */,
				B4D591D42B9B77B30073E64A /* star.gif in Resources */,
				B4D591DE2B9B77B30073E64A /* fluid-1-4.gif in Resources */,
				B4D591D52B9B77B30073E64A /* fluid-3-2.gif in Resources */,
				B4D591E02B9B77B30073E64A /* fluid-2-1.gif in Resources */,
				B4D591DF2B9B77B30073E64A /* fluid-3-6.gif in Resources */,
				B45D37862B6F71870092C5D6 /* Assets.xcassets in Resources */,
				B4131BE12B73D86900B7FEC7 /* 4.gif in Resources */,
				B4131BE32B73D86900B7FEC7 /* 3.gif in Resources */,
				B4D591D72B9B77B30073E64A /* fluid-3-3.gif in Resources */,
				B4D591E12B9B77B30073E64A /* fluid-2-2.gif in Resources */,
				B4D591D92B9B77B30073E64A /* fluid-1-3.gif in Resources */,
				B4D591DC2B9B77B30073E64A /* fluid-3-5.gif in Resources */,
				B4131BE22B73D86900B7FEC7 /* 1.gif in Resources */,
				B45D37842B6F71860092C5D6 /* Main.storyboard in Resources */,
				B4D591D32B9B77B30073E64A /* moon.gif in Resources */,
				B45D37E22B6FB3B30092C5D6 /* AnimationViewController.xib in Resources */,
			);
			runOnlyForDeploymentPostprocessing = 0;
		};
/* End PBXResourcesBuildPhase section */

/* Begin PBXShellScriptBuildPhase section */
		6DCAF08E45449DBB63617BE5 /* [CP] Check Pods Manifest.lock */ = {
			isa = PBXShellScriptBuildPhase;
			buildActionMask = 2147483647;
			files = (
			);
			inputFileListPaths = (
			);
			inputPaths = (
				"${PODS_PODFILE_DIR_PATH}/Podfile.lock",
				"${PODS_ROOT}/Manifest.lock",
			);
			name = "[CP] Check Pods Manifest.lock";
			outputFileListPaths = (
			);
			outputPaths = (
				"$(DERIVED_FILE_DIR)/Pods-YYUIKitDemo-checkManifestLockResult.txt",
			);
			runOnlyForDeploymentPostprocessing = 0;
			shellPath = /bin/sh;
			shellScript = "diff \"${PODS_PODFILE_DIR_PATH}/Podfile.lock\" \"${PODS_ROOT}/Manifest.lock\" > /dev/null\nif [ $? != 0 ] ; then\n    # print error to STDERR\n    echo \"error: The sandbox is not in sync with the Podfile.lock. Run 'pod install' or update your CocoaPods installation.\" >&2\n    exit 1\nfi\n# This output is used by Xcode 'outputs' to avoid re-running this script phase.\necho \"SUCCESS\" > \"${SCRIPT_OUTPUT_FILE_0}\"\n";
			showEnvVarsInLog = 0;
		};
		821EF78A248845C749E0E656 /* [CP] Embed Pods Frameworks */ = {
			isa = PBXShellScriptBuildPhase;
			buildActionMask = 2147483647;
			files = (
			);
			inputFileListPaths = (
				"${PODS_ROOT}/Target Support Files/Pods-YYUIKitDemo/Pods-YYUIKitDemo-frameworks-${CONFIGURATION}-input-files.xcfilelist",
			);
			name = "[CP] Embed Pods Frameworks";
			outputFileListPaths = (
				"${PODS_ROOT}/Target Support Files/Pods-YYUIKitDemo/Pods-YYUIKitDemo-frameworks-${CONFIGURATION}-output-files.xcfilelist",
			);
			runOnlyForDeploymentPostprocessing = 0;
			shellPath = /bin/sh;
			shellScript = "\"${PODS_ROOT}/Target Support Files/Pods-YYUIKitDemo/Pods-YYUIKitDemo-frameworks.sh\"\n";
			showEnvVarsInLog = 0;
		};
/* End PBXShellScriptBuildPhase section */

/* Begin PBXSourcesBuildPhase section */
		B45D37752B6F71860092C5D6 /* Sources */ = {
			isa = PBXSourcesBuildPhase;
			buildActionMask = 2147483647;
			files = (
				B45D37DB2B6FB3B30092C5D6 /* ViewController2.swift in Sources */,
				B45D37F62B6FB3E60092C5D6 /* GradientView.swift in Sources */,
				B45D37F02B6FB3E60092C5D6 /* XYCustomTimePickerViewController.swift in Sources */,
				B45D37E72B6FB3B30092C5D6 /* TimeViewController.swift in Sources */,
				B45D37E62B6FB3B30092C5D6 /* NestedXYInfoViewController.swift in Sources */,
				B45D37E52B6FB3B30092C5D6 /* CustomViewController.swift in Sources */,
				B45D37E32B6FB3B30092C5D6 /* ZLWechatActionSheet.swift in Sources */,
				B45D37DD2B6FB3B30092C5D6 /* MailViewController.swift in Sources */,
				B45D37E02B6FB3B30092C5D6 /* Demo_Combine.swift in Sources */,
				B45D37F12B6FB3E60092C5D6 /* TipView.swift in Sources */,
				B45D37812B6F71860092C5D6 /* ViewController.swift in Sources */,
				B45D37DC2B6FB3B30092C5D6 /* ListViewController.swift in Sources */,
				B45D37F32B6FB3E60092C5D6 /* ZLPushNotificationTipView.swift in Sources */,
				B45D37F52B6FB3E60092C5D6 /* ZLNewGreetingView.swift in Sources */,
				B4641A6D2B970E7900CAEE24 /* BannerView.swift in Sources */,
				B45D37E42B6FB3B30092C5D6 /* ZLJobCoordinationAlertController.swift in Sources */,
				B428E0BD2B8A01C6001B43AD /* FileSystemView.swift in Sources */,
				B45D37D92B6FB3B30092C5D6 /* IMViewController.swift in Sources */,
				B45D37DE2B6FB3B30092C5D6 /* File.swift in Sources */,
				B45D37F22B6FB3E60092C5D6 /* RefreshHeader.swift in Sources */,
				B428E0BB2B87AA16001B43AD /* FloatBallView.swift in Sources */,
				B45D377D2B6F71860092C5D6 /* AppDelegate.swift in Sources */,
				B49F8BA72B9B732400280DDA /* WidgetBgTest.swift in Sources */,
				B4BB16262C099FD500B0B5A2 /* Alert&AlertSheetVC.swift in Sources */,
				B45D37E12B6FB3B30092C5D6 /* ShowAlertVC.swift in Sources */,
				B45D37DF2B6FB3B30092C5D6 /* TableViewController.swift in Sources */,
				B45D37F42B6FB3E60092C5D6 /* XYCards.swift in Sources */,
				B498BA422B8C421000114112 /* AppFunctionView.swift in Sources */,
				B45D37DA2B6FB3B30092C5D6 /* AnimationViewController.swift in Sources */,
			);
			runOnlyForDeploymentPostprocessing = 0;
		};
/* End PBXSourcesBuildPhase section */

/* Begin PBXVariantGroup section */
		B45D37822B6F71860092C5D6 /* Main.storyboard */ = {
			isa = PBXVariantGroup;
			children = (
				B45D37832B6F71860092C5D6 /* Base */,
			);
			name = Main.storyboard;
			sourceTree = "<group>";
		};
		B45D37872B6F71870092C5D6 /* LaunchScreen.storyboard */ = {
			isa = PBXVariantGroup;
			children = (
				B45D37882B6F71870092C5D6 /* Base */,
			);
			name = LaunchScreen.storyboard;
			sourceTree = "<group>";
		};
/* End PBXVariantGroup section */

/* Begin XCBuildConfiguration section */
		B45D378B2B6F71870092C5D6 /* Debug */ = {
			isa = XCBuildConfiguration;
			buildSettings = {
				ALWAYS_SEARCH_USER_PATHS = NO;
				ASSETCATALOG_COMPILER_GENERATE_SWIFT_ASSET_SYMBOL_EXTENSIONS = YES;
				CLANG_ANALYZER_NONNULL = YES;
				CLANG_ANALYZER_NUMBER_OBJECT_CONVERSION = YES_AGGRESSIVE;
				CLANG_CXX_LANGUAGE_STANDARD = "gnu++20";
				CLANG_ENABLE_MODULES = YES;
				CLANG_ENABLE_OBJC_ARC = YES;
				CLANG_ENABLE_OBJC_WEAK = YES;
				CLANG_WARN_BLOCK_CAPTURE_AUTORELEASING = YES;
				CLANG_WARN_BOOL_CONVERSION = YES;
				CLANG_WARN_COMMA = YES;
				CLANG_WARN_CONSTANT_CONVERSION = YES;
				CLANG_WARN_DEPRECATED_OBJC_IMPLEMENTATIONS = YES;
				CLANG_WARN_DIRECT_OBJC_ISA_USAGE = YES_ERROR;
				CLANG_WARN_DOCUMENTATION_COMMENTS = YES;
				CLANG_WARN_EMPTY_BODY = YES;
				CLANG_WARN_ENUM_CONVERSION = YES;
				CLANG_WARN_INFINITE_RECURSION = YES;
				CLANG_WARN_INT_CONVERSION = YES;
				CLANG_WARN_NON_LITERAL_NULL_CONVERSION = YES;
				CLANG_WARN_OBJC_IMPLICIT_RETAIN_SELF = YES;
				CLANG_WARN_OBJC_LITERAL_CONVERSION = YES;
				CLANG_WARN_OBJC_ROOT_CLASS = YES_ERROR;
				CLANG_WARN_QUOTED_INCLUDE_IN_FRAMEWORK_HEADER = YES;
				CLANG_WARN_RANGE_LOOP_ANALYSIS = YES;
				CLANG_WARN_STRICT_PROTOTYPES = YES;
				CLANG_WARN_SUSPICIOUS_MOVE = YES;
				CLANG_WARN_UNGUARDED_AVAILABILITY = YES_AGGRESSIVE;
				CLANG_WARN_UNREACHABLE_CODE = YES;
				CLANG_WARN__DUPLICATE_METHOD_MATCH = YES;
				COPY_PHASE_STRIP = NO;
				DEBUG_INFORMATION_FORMAT = dwarf;
				ENABLE_STRICT_OBJC_MSGSEND = YES;
				ENABLE_TESTABILITY = YES;
				ENABLE_USER_SCRIPT_SANDBOXING = NO;
				GCC_C_LANGUAGE_STANDARD = gnu17;
				GCC_DYNAMIC_NO_PIC = NO;
				GCC_NO_COMMON_BLOCKS = YES;
				GCC_OPTIMIZATION_LEVEL = 0;
				GCC_PREPROCESSOR_DEFINITIONS = (
					"DEBUG=1",
					"$(inherited)",
				);
				GCC_WARN_64_TO_32_BIT_CONVERSION = YES;
				GCC_WARN_ABOUT_RETURN_TYPE = YES_ERROR;
				GCC_WARN_UNDECLARED_SELECTOR = YES;
				GCC_WARN_UNINITIALIZED_AUTOS = YES_AGGRESSIVE;
				GCC_WARN_UNUSED_FUNCTION = YES;
				GCC_WARN_UNUSED_VARIABLE = YES;
				IPHONEOS_DEPLOYMENT_TARGET = 17.0;
				LOCALIZATION_PREFERS_STRING_CATALOGS = YES;
				MTL_ENABLE_DEBUG_INFO = INCLUDE_SOURCE;
				MTL_FAST_MATH = YES;
				ONLY_ACTIVE_ARCH = YES;
				SDKROOT = iphoneos;
				SWIFT_ACTIVE_COMPILATION_CONDITIONS = "DEBUG $(inherited)";
				SWIFT_OPTIMIZATION_LEVEL = "-Onone";
			};
			name = Debug;
		};
		B45D378C2B6F71870092C5D6 /* Release */ = {
			isa = XCBuildConfiguration;
			buildSettings = {
				ALWAYS_SEARCH_USER_PATHS = NO;
				ASSETCATALOG_COMPILER_GENERATE_SWIFT_ASSET_SYMBOL_EXTENSIONS = YES;
				CLANG_ANALYZER_NONNULL = YES;
				CLANG_ANALYZER_NUMBER_OBJECT_CONVERSION = YES_AGGRESSIVE;
				CLANG_CXX_LANGUAGE_STANDARD = "gnu++20";
				CLANG_ENABLE_MODULES = YES;
				CLANG_ENABLE_OBJC_ARC = YES;
				CLANG_ENABLE_OBJC_WEAK = YES;
				CLANG_WARN_BLOCK_CAPTURE_AUTORELEASING = YES;
				CLANG_WARN_BOOL_CONVERSION = YES;
				CLANG_WARN_COMMA = YES;
				CLANG_WARN_CONSTANT_CONVERSION = YES;
				CLANG_WARN_DEPRECATED_OBJC_IMPLEMENTATIONS = YES;
				CLANG_WARN_DIRECT_OBJC_ISA_USAGE = YES_ERROR;
				CLANG_WARN_DOCUMENTATION_COMMENTS = YES;
				CLANG_WARN_EMPTY_BODY = YES;
				CLANG_WARN_ENUM_CONVERSION = YES;
				CLANG_WARN_INFINITE_RECURSION = YES;
				CLANG_WARN_INT_CONVERSION = YES;
				CLANG_WARN_NON_LITERAL_NULL_CONVERSION = YES;
				CLANG_WARN_OBJC_IMPLICIT_RETAIN_SELF = YES;
				CLANG_WARN_OBJC_LITERAL_CONVERSION = YES;
				CLANG_WARN_OBJC_ROOT_CLASS = YES_ERROR;
				CLANG_WARN_QUOTED_INCLUDE_IN_FRAMEWORK_HEADER = YES;
				CLANG_WARN_RANGE_LOOP_ANALYSIS = YES;
				CLANG_WARN_STRICT_PROTOTYPES = YES;
				CLANG_WARN_SUSPICIOUS_MOVE = YES;
				CLANG_WARN_UNGUARDED_AVAILABILITY = YES_AGGRESSIVE;
				CLANG_WARN_UNREACHABLE_CODE = YES;
				CLANG_WARN__DUPLICATE_METHOD_MATCH = YES;
				COPY_PHASE_STRIP = NO;
				DEBUG_INFORMATION_FORMAT = "dwarf-with-dsym";
				ENABLE_NS_ASSERTIONS = NO;
				ENABLE_STRICT_OBJC_MSGSEND = YES;
				ENABLE_USER_SCRIPT_SANDBOXING = NO;
				GCC_C_LANGUAGE_STANDARD = gnu17;
				GCC_NO_COMMON_BLOCKS = YES;
				GCC_WARN_64_TO_32_BIT_CONVERSION = YES;
				GCC_WARN_ABOUT_RETURN_TYPE = YES_ERROR;
				GCC_WARN_UNDECLARED_SELECTOR = YES;
				GCC_WARN_UNINITIALIZED_AUTOS = YES_AGGRESSIVE;
				GCC_WARN_UNUSED_FUNCTION = YES;
				GCC_WARN_UNUSED_VARIABLE = YES;
				IPHONEOS_DEPLOYMENT_TARGET = 17.0;
				LOCALIZATION_PREFERS_STRING_CATALOGS = YES;
				MTL_ENABLE_DEBUG_INFO = NO;
				MTL_FAST_MATH = YES;
				SDKROOT = iphoneos;
				SWIFT_COMPILATION_MODE = wholemodule;
				VALIDATE_PRODUCT = YES;
			};
			name = Release;
		};
		B45D378E2B6F71870092C5D6 /* Debug */ = {
			isa = XCBuildConfiguration;
			baseConfigurationReference = 1C5580A050A5480FBE0D9334 /* Pods-YYUIKitDemo.debug.xcconfig */;
			buildSettings = {
				ASSETCATALOG_COMPILER_APPICON_NAME = AppIcon;
				ASSETCATALOG_COMPILER_GLOBAL_ACCENT_COLOR_NAME = AccentColor;
				CODE_SIGN_STYLE = Automatic;
				CURRENT_PROJECT_VERSION = 1;
				DEVELOPMENT_TEAM = J9CJUEB6H8;
				GENERATE_INFOPLIST_FILE = YES;
				INFOPLIST_FILE = YYUIKitDemo/Resource/Info.plist;
				INFOPLIST_KEY_UIApplicationSupportsIndirectInputEvents = YES;
				INFOPLIST_KEY_UILaunchStoryboardName = LaunchScreen;
				INFOPLIST_KEY_UIMainStoryboardFile = Main;
				INFOPLIST_KEY_UISupportedInterfaceOrientations_iPad = "UIInterfaceOrientationPortrait UIInterfaceOrientationPortraitUpsideDown UIInterfaceOrientationLandscapeLeft UIInterfaceOrientationLandscapeRight";
				INFOPLIST_KEY_UISupportedInterfaceOrientations_iPhone = "UIInterfaceOrientationPortrait UIInterfaceOrientationLandscapeLeft UIInterfaceOrientationLandscapeRight";
				IPHONEOS_DEPLOYMENT_TARGET = 13.0;
				LD_RUNPATH_SEARCH_PATHS = (
					"$(inherited)",
					"@executable_path/Frameworks",
				);
				MARKETING_VERSION = 1.0;
				OTHER_SWIFT_FLAGS = "$(inherited) -D COCOAPODS -D DEBUG";
				PRODUCT_BUNDLE_IDENTIFIER = com.xiaoyou.YYUIKitDemo;
				PRODUCT_NAME = "$(TARGET_NAME)";
				SWIFT_EMIT_LOC_STRINGS = YES;
				SWIFT_VERSION = 5.0;
				TARGETED_DEVICE_FAMILY = "1,2";
			};
			name = Debug;
		};
		B45D378F2B6F71870092C5D6 /* Release */ = {
			isa = XCBuildConfiguration;
			baseConfigurationReference = 7260AA21A27D92F5AB0A0982 /* Pods-YYUIKitDemo.release.xcconfig */;
			buildSettings = {
				ASSETCATALOG_COMPILER_APPICON_NAME = AppIcon;
				ASSETCATALOG_COMPILER_GLOBAL_ACCENT_COLOR_NAME = AccentColor;
				CODE_SIGN_STYLE = Automatic;
				CURRENT_PROJECT_VERSION = 1;
				DEVELOPMENT_TEAM = J9CJUEB6H8;
				GENERATE_INFOPLIST_FILE = YES;
				INFOPLIST_FILE = YYUIKitDemo/Resource/Info.plist;
				INFOPLIST_KEY_UIApplicationSupportsIndirectInputEvents = YES;
				INFOPLIST_KEY_UILaunchStoryboardName = LaunchScreen;
				INFOPLIST_KEY_UIMainStoryboardFile = Main;
				INFOPLIST_KEY_UISupportedInterfaceOrientations_iPad = "UIInterfaceOrientationPortrait UIInterfaceOrientationPortraitUpsideDown UIInterfaceOrientationLandscapeLeft UIInterfaceOrientationLandscapeRight";
				INFOPLIST_KEY_UISupportedInterfaceOrientations_iPhone = "UIInterfaceOrientationPortrait UIInterfaceOrientationLandscapeLeft UIInterfaceOrientationLandscapeRight";
				IPHONEOS_DEPLOYMENT_TARGET = 13.0;
				LD_RUNPATH_SEARCH_PATHS = (
					"$(inherited)",
					"@executable_path/Frameworks",
				);
				MARKETING_VERSION = 1.0;
				OTHER_SWIFT_FLAGS = "$(inherited) -D COCOAPODS -D DEBUG";
				PRODUCT_BUNDLE_IDENTIFIER = com.xiaoyou.YYUIKitDemo;
				PRODUCT_NAME = "$(TARGET_NAME)";
				SWIFT_EMIT_LOC_STRINGS = YES;
				SWIFT_VERSION = 5.0;
				TARGETED_DEVICE_FAMILY = "1,2";
			};
			name = Release;
		};
/* End XCBuildConfiguration section */

/* Begin XCConfigurationList section */
		B45D37742B6F71860092C5D6 /* Build configuration list for PBXProject "YYUIKitDemo" */ = {
			isa = XCConfigurationList;
			buildConfigurations = (
				B45D378B2B6F71870092C5D6 /* Debug */,
				B45D378C2B6F71870092C5D6 /* Release */,
			);
			defaultConfigurationIsVisible = 0;
			defaultConfigurationName = Release;
		};
		B45D378D2B6F71870092C5D6 /* Build configuration list for PBXNativeTarget "YYUIKitDemo" */ = {
			isa = XCConfigurationList;
			buildConfigurations = (
				B45D378E2B6F71870092C5D6 /* Debug */,
				B45D378F2B6F71870092C5D6 /* Release */,
			);
			defaultConfigurationIsVisible = 0;
			defaultConfigurationName = Release;
		};
/* End XCConfigurationList section */
	};
	rootObject = B45D37712B6F71860092C5D6 /* Project object */;
}
